// !$*UTF8*$!
{
	archiveVersion = 1;
	classes = {
	};
	objectVersion = 56;
	objects = {

/* Begin PBXBuildFile section */
		6B6D559B59983DA5D0FBB877 /* Pods_PrimeiroProjetoViewCode350BF.framework in Frameworks */ = {isa = PBXBuildFile; fileRef = F19D8FEBBD5947146601AC1E /* Pods_PrimeiroProjetoViewCode350BF.framework */; };
		B13D98212A143C390089C5F6 /* AppDelegate.swift in Sources */ = {isa = PBXBuildFile; fileRef = B13D98202A143C390089C5F6 /* AppDelegate.swift */; };
		B13D98232A143C390089C5F6 /* SceneDelegate.swift in Sources */ = {isa = PBXBuildFile; fileRef = B13D98222A143C390089C5F6 /* SceneDelegate.swift */; };
		B13D98252A143C390089C5F6 /* LoginViewController.swift in Sources */ = {isa = PBXBuildFile; fileRef = B13D98242A143C390089C5F6 /* LoginViewController.swift */; };
		B13D982A2A143C3D0089C5F6 /* Assets.xcassets in Resources */ = {isa = PBXBuildFile; fileRef = B13D98292A143C3D0089C5F6 /* Assets.xcassets */; };
		B13D982D2A143C3D0089C5F6 /* LaunchScreen.storyboard in Resources */ = {isa = PBXBuildFile; fileRef = B13D982B2A143C3D0089C5F6 /* LaunchScreen.storyboard */; };
		B13D98372A14622D0089C5F6 /* LoginScreen.swift in Sources */ = {isa = PBXBuildFile; fileRef = B13D98362A14622D0089C5F6 /* LoginScreen.swift */; };
/* End PBXBuildFile section */

/* Begin PBXFileReference section */
		47637C40125EB9ED2D95F277 /* Pods-PrimeiroProjetoViewCode350BF.release.xcconfig */ = {isa = PBXFileReference; includeInIndex = 1; lastKnownFileType = text.xcconfig; name = "Pods-PrimeiroProjetoViewCode350BF.release.xcconfig"; path = "Target Support Files/Pods-PrimeiroProjetoViewCode350BF/Pods-PrimeiroProjetoViewCode350BF.release.xcconfig"; sourceTree = "<group>"; };
		B13D981D2A143C390089C5F6 /* PrimeiroProjetoViewCode350BF.app */ = {isa = PBXFileReference; explicitFileType = wrapper.application; includeInIndex = 0; path = PrimeiroProjetoViewCode350BF.app; sourceTree = BUILT_PRODUCTS_DIR; };
		B13D98202A143C390089C5F6 /* AppDelegate.swift */ = {isa = PBXFileReference; lastKnownFileType = sourcecode.swift; path = AppDelegate.swift; sourceTree = "<group>"; };
		B13D98222A143C390089C5F6 /* SceneDelegate.swift */ = {isa = PBXFileReference; lastKnownFileType = sourcecode.swift; path = SceneDelegate.swift; sourceTree = "<group>"; };
		B13D98242A143C390089C5F6 /* LoginViewController.swift */ = {isa = PBXFileReference; lastKnownFileType = sourcecode.swift; path = LoginViewController.swift; sourceTree = "<group>"; };
		B13D98292A143C3D0089C5F6 /* Assets.xcassets */ = {isa = PBXFileReference; lastKnownFileType = folder.assetcatalog; path = Assets.xcassets; sourceTree = "<group>"; };
		B13D982C2A143C3D0089C5F6 /* Base */ = {isa = PBXFileReference; lastKnownFileType = file.storyboard; name = Base; path = Base.lproj/LaunchScreen.storyboard; sourceTree = "<group>"; };
		B13D982E2A143C3D0089C5F6 /* Info.plist */ = {isa = PBXFileReference; lastKnownFileType = text.plist.xml; path = Info.plist; sourceTree = "<group>"; };
		B13D98362A14622D0089C5F6 /* LoginScreen.swift */ = {isa = PBXFileReference; lastKnownFileType = sourcecode.swift; path = LoginScreen.swift; sourceTree = "<group>"; };
		F19D8FEBBD5947146601AC1E /* Pods_PrimeiroProjetoViewCode350BF.framework */ = {isa = PBXFileReference; explicitFileType = wrapper.framework; includeInIndex = 0; path = Pods_PrimeiroProjetoViewCode350BF.framework; sourceTree = BUILT_PRODUCTS_DIR; };
		F66D5B6D8A0456A3553DB989 /* Pods-PrimeiroProjetoViewCode350BF.debug.xcconfig */ = {isa = PBXFileReference; includeInIndex = 1; lastKnownFileType = text.xcconfig; name = "Pods-PrimeiroProjetoViewCode350BF.debug.xcconfig"; path = "Target Support Files/Pods-PrimeiroProjetoViewCode350BF/Pods-PrimeiroProjetoViewCode350BF.debug.xcconfig"; sourceTree = "<group>"; };
/* End PBXFileReference section */

/* Begin PBXFrameworksBuildPhase section */
		B13D981A2A143C390089C5F6 /* Frameworks */ = {
			isa = PBXFrameworksBuildPhase;
			buildActionMask = 2147483647;
			files = (
				6B6D559B59983DA5D0FBB877 /* Pods_PrimeiroProjetoViewCode350BF.framework in Frameworks */,
			);
			runOnlyForDeploymentPostprocessing = 0;
		};
/* End PBXFrameworksBuildPhase section */

/* Begin PBXGroup section */
		954457FB339A9A34EC13357F /* Pods */ = {
			isa = PBXGroup;
			children = (
				F66D5B6D8A0456A3553DB989 /* Pods-PrimeiroProjetoViewCode350BF.debug.xcconfig */,
				47637C40125EB9ED2D95F277 /* Pods-PrimeiroProjetoViewCode350BF.release.xcconfig */,
			);
			name = Pods;
			path = Pods;
			sourceTree = "<group>";
		};
		B13D98142A143C390089C5F6 = {
			isa = PBXGroup;
			children = (
				B13D981F2A143C390089C5F6 /* PrimeiroProjetoViewCode350BF */,
				B13D981E2A143C390089C5F6 /* Products */,
				954457FB339A9A34EC13357F /* Pods */,
				C9012EC29EAE5F8BAE0D9A3B /* Frameworks */,
			);
			sourceTree = "<group>";
		};
		B13D981E2A143C390089C5F6 /* Products */ = {
			isa = PBXGroup;
			children = (
				B13D981D2A143C390089C5F6 /* PrimeiroProjetoViewCode350BF.app */,
			);
			name = Products;
			sourceTree = "<group>";
		};
		B13D981F2A143C390089C5F6 /* PrimeiroProjetoViewCode350BF */ = {
			isa = PBXGroup;
			children = (
				B13D98342A14619D0089C5F6 /* Login */,
				B13D98202A143C390089C5F6 /* AppDelegate.swift */,
				B13D98222A143C390089C5F6 /* SceneDelegate.swift */,
				B13D98292A143C3D0089C5F6 /* Assets.xcassets */,
				B13D982B2A143C3D0089C5F6 /* LaunchScreen.storyboard */,
				B13D982E2A143C3D0089C5F6 /* Info.plist */,
			);
			path = PrimeiroProjetoViewCode350BF;
			sourceTree = "<group>";
		};
		B13D98342A14619D0089C5F6 /* Login */ = {
			isa = PBXGroup;
			children = (
				B13D98352A1461B20089C5F6 /* Screen (Arquivo de View) */,
				B13D98242A143C390089C5F6 /* LoginViewController.swift */,
			);
			path = Login;
			sourceTree = "<group>";
		};
		B13D98352A1461B20089C5F6 /* Screen (Arquivo de View) */ = {
			isa = PBXGroup;
			children = (
				B13D98362A14622D0089C5F6 /* LoginScreen.swift */,
			);
			path = "Screen (Arquivo de View)";
			sourceTree = "<group>";
		};
		C9012EC29EAE5F8BAE0D9A3B /* Frameworks */ = {
			isa = PBXGroup;
			children = (
				F19D8FEBBD5947146601AC1E /* Pods_PrimeiroProjetoViewCode350BF.framework */,
			);
			name = Frameworks;
			sourceTree = "<group>";
		};
/* End PBXGroup section */

/* Begin PBXNativeTarget section */
		B13D981C2A143C390089C5F6 /* PrimeiroProjetoViewCode350BF */ = {
			isa = PBXNativeTarget;
			buildConfigurationList = B13D98312A143C3D0089C5F6 /* Build configuration list for PBXNativeTarget "PrimeiroProjetoViewCode350BF" */;
			buildPhases = (
				F4E083DA94ADF08493059EB7 /* [CP] Check Pods Manifest.lock */,
				B13D98192A143C390089C5F6 /* Sources */,
				B13D981A2A143C390089C5F6 /* Frameworks */,
				B13D981B2A143C390089C5F6 /* Resources */,
				AEC0CDF2DCF8AACE617988ED /* [CP] Embed Pods Frameworks */,
			);
			buildRules = (
			);
			dependencies = (
			);
			name = PrimeiroProjetoViewCode350BF;
			productName = PrimeiroProjetoViewCode350BF;
			productReference = B13D981D2A143C390089C5F6 /* PrimeiroProjetoViewCode350BF.app */;
			productType = "com.apple.product-type.application";
		};
/* End PBXNativeTarget section */

/* Begin PBXProject section */
		B13D98152A143C390089C5F6 /* Project object */ = {
			isa = PBXProject;
			attributes = {
				BuildIndependentTargetsInParallel = 1;
				LastSwiftUpdateCheck = 1430;
				LastUpgradeCheck = 1430;
				TargetAttributes = {
					B13D981C2A143C390089C5F6 = {
						CreatedOnToolsVersion = 14.3;
					};
				};
			};
			buildConfigurationList = B13D98182A143C390089C5F6 /* Build configuration list for PBXProject "PrimeiroProjetoViewCode350BF" */;
			compatibilityVersion = "Xcode 14.0";
			developmentRegion = en;
			hasScannedForEncodings = 0;
			knownRegions = (
				en,
				Base,
			);
			mainGroup = B13D98142A143C390089C5F6;
			productRefGroup = B13D981E2A143C390089C5F6 /* Products */;
			projectDirPath = "";
			projectRoot = "";
			targets = (
				B13D981C2A143C390089C5F6 /* PrimeiroProjetoViewCode350BF */,
			);
		};
/* End PBXProject section */

/* Begin PBXResourcesBuildPhase section */
		B13D981B2A143C390089C5F6 /* Resources */ = {
			isa = PBXResourcesBuildPhase;
			buildActionMask = 2147483647;
			files = (
				B13D982D2A143C3D0089C5F6 /* LaunchScreen.storyboard in Resources */,
				B13D982A2A143C3D0089C5F6 /* Assets.xcassets in Resources */,
			);
			runOnlyForDeploymentPostprocessing = 0;
		};
/* End PBXResourcesBuildPhase section */

/* Begin PBXShellScriptBuildPhase section */
		AEC0CDF2DCF8AACE617988ED /* [CP] Embed Pods Frameworks */ = {
			isa = PBXShellScriptBuildPhase;
			buildActionMask = 2147483647;
			files = (
			);
			inputFileListPaths = (
				"${PODS_ROOT}/Target Support Files/Pods-PrimeiroProjetoViewCode350BF/Pods-PrimeiroProjetoViewCode350BF-frameworks-${CONFIGURATION}-input-files.xcfilelist",
			);
			name = "[CP] Embed Pods Frameworks";
			outputFileListPaths = (
				"${PODS_ROOT}/Target Support Files/Pods-PrimeiroProjetoViewCode350BF/Pods-PrimeiroProjetoViewCode350BF-frameworks-${CONFIGURATION}-output-files.xcfilelist",
			);
			runOnlyForDeploymentPostprocessing = 0;
			shellPath = /bin/sh;
			shellScript = "\"${PODS_ROOT}/Target Support Files/Pods-PrimeiroProjetoViewCode350BF/Pods-PrimeiroProjetoViewCode350BF-frameworks.sh\"\n";
			showEnvVarsInLog = 0;
		};
		F4E083DA94ADF08493059EB7 /* [CP] Check Pods Manifest.lock */ = {
			isa = PBXShellScriptBuildPhase;
			buildActionMask = 2147483647;
			files = (
			);
			inputFileListPaths = (
			);
			inputPaths = (
				"${PODS_PODFILE_DIR_PATH}/Podfile.lock",
				"${PODS_ROOT}/Manifest.lock",
			);
			name = "[CP] Check Pods Manifest.lock";
			outputFileListPaths = (
			);
			outputPaths = (
				"$(DERIVED_FILE_DIR)/Pods-PrimeiroProjetoViewCode350BF-checkManifestLockResult.txt",
			);
			runOnlyForDeploymentPostprocessing = 0;
			shellPath = /bin/sh;
			shellScript = "diff \"${PODS_PODFILE_DIR_PATH}/Podfile.lock\" \"${PODS_ROOT}/Manifest.lock\" > /dev/null\nif [ $? != 0 ] ; then\n    # print error to STDERR\n    echo \"error: The sandbox is not in sync with the Podfile.lock. Run 'pod install' or update your CocoaPods installation.\" >&2\n    exit 1\nfi\n# This output is used by Xcode 'outputs' to avoid re-running this script phase.\necho \"SUCCESS\" > \"${SCRIPT_OUTPUT_FILE_0}\"\n";
			showEnvVarsInLog = 0;
		};
/* End PBXShellScriptBuildPhase section */

/* Begin PBXSourcesBuildPhase section */
		B13D98192A143C390089C5F6 /* Sources */ = {
			isa = PBXSourcesBuildPhase;
			buildActionMask = 2147483647;
			files = (
				B13D98252A143C390089C5F6 /* LoginViewController.swift in Sources */,
				B13D98372A14622D0089C5F6 /* LoginScreen.swift in Sources */,
				B13D98212A143C390089C5F6 /* AppDelegate.swift in Sources */,
				B13D98232A143C390089C5F6 /* SceneDelegate.swift in Sources */,
			);
			runOnlyForDeploymentPostprocessing = 0;
		};
/* End PBXSourcesBuildPhase section */

/* Begin PBXVariantGroup section */
		B13D982B2A143C3D0089C5F6 /* LaunchScreen.storyboard */ = {
			isa = PBXVariantGroup;
			children = (
				B13D982C2A143C3D0089C5F6 /* Base */,
			);
			name = LaunchScreen.storyboard;
			sourceTree = "<group>";
		};
/* End PBXVariantGroup section */

/* Begin XCBuildConfiguration section */
		B13D982F2A143C3D0089C5F6 /* Debug */ = {
			isa = XCBuildConfiguration;
			buildSettings = {
				ALWAYS_SEARCH_USER_PATHS = NO;
				CLANG_ANALYZER_NONNULL = YES;
				CLANG_ANALYZER_NUMBER_OBJECT_CONVERSION = YES_AGGRESSIVE;
				CLANG_CXX_LANGUAGE_STANDARD = "gnu++20";
				CLANG_ENABLE_MODULES = YES;
				CLANG_ENABLE_OBJC_ARC = YES;
				CLANG_ENABLE_OBJC_WEAK = YES;
				CLANG_WARN_BLOCK_CAPTURE_AUTORELEASING = YES;
				CLANG_WARN_BOOL_CONVERSION = YES;
				CLANG_WARN_COMMA = YES;
				CLANG_WARN_CONSTANT_CONVERSION = YES;
				CLANG_WARN_DEPRECATED_OBJC_IMPLEMENTATIONS = YES;
				CLANG_WARN_DIRECT_OBJC_ISA_USAGE = YES_ERROR;
				CLANG_WARN_DOCUMENTATION_COMMENTS = YES;
				CLANG_WARN_EMPTY_BODY = YES;
				CLANG_WARN_ENUM_CONVERSION = YES;
				CLANG_WARN_INFINITE_RECURSION = YES;
				CLANG_WARN_INT_CONVERSION = YES;
				CLANG_WARN_NON_LITERAL_NULL_CONVERSION = YES;
				CLANG_WARN_OBJC_IMPLICIT_RETAIN_SELF = YES;
				CLANG_WARN_OBJC_LITERAL_CONVERSION = YES;
				CLANG_WARN_OBJC_ROOT_CLASS = YES_ERROR;
				CLANG_WARN_QUOTED_INCLUDE_IN_FRAMEWORK_HEADER = YES;
				CLANG_WARN_RANGE_LOOP_ANALYSIS = YES;
				CLANG_WARN_STRICT_PROTOTYPES = YES;
				CLANG_WARN_SUSPICIOUS_MOVE = YES;
				CLANG_WARN_UNGUARDED_AVAILABILITY = YES_AGGRESSIVE;
				CLANG_WARN_UNREACHABLE_CODE = YES;
				CLANG_WARN__DUPLICATE_METHOD_MATCH = YES;
				COPY_PHASE_STRIP = NO;
				DEBUG_INFORMATION_FORMAT = dwarf;
				ENABLE_STRICT_OBJC_MSGSEND = YES;
				ENABLE_TESTABILITY = YES;
				GCC_C_LANGUAGE_STANDARD = gnu11;
				GCC_DYNAMIC_NO_PIC = NO;
				GCC_NO_COMMON_BLOCKS = YES;
				GCC_OPTIMIZATION_LEVEL = 0;
				GCC_PREPROCESSOR_DEFINITIONS = (
					"DEBUG=1",
					"$(inherited)",
				);
				GCC_WARN_64_TO_32_BIT_CONVERSION = YES;
				GCC_WARN_ABOUT_RETURN_TYPE = YES_ERROR;
				GCC_WARN_UNDECLARED_SELECTOR = YES;
				GCC_WARN_UNINITIALIZED_AUTOS = YES_AGGRESSIVE;
				GCC_WARN_UNUSED_FUNCTION = YES;
				GCC_WARN_UNUSED_VARIABLE = YES;
				IPHONEOS_DEPLOYMENT_TARGET = 16.4;
				MTL_ENABLE_DEBUG_INFO = INCLUDE_SOURCE;
				MTL_FAST_MATH = YES;
				ONLY_ACTIVE_ARCH = YES;
				SDKROOT = iphoneos;
				SWIFT_ACTIVE_COMPILATION_CONDITIONS = DEBUG;
				SWIFT_OPTIMIZATION_LEVEL = "-Onone";
			};
			name = Debug;
		};
		B13D98302A143C3D0089C5F6 /* Release */ = {
			isa = XCBuildConfiguration;
			buildSettings = {
				ALWAYS_SEARCH_USER_PATHS = NO;
				CLANG_ANALYZER_NONNULL = YES;
				CLANG_ANALYZER_NUMBER_OBJECT_CONVERSION = YES_AGGRESSIVE;
				CLANG_CXX_LANGUAGE_STANDARD = "gnu++20";
				CLANG_ENABLE_MODULES = YES;
				CLANG_ENABLE_OBJC_ARC = YES;
				CLANG_ENABLE_OBJC_WEAK = YES;
				CLANG_WARN_BLOCK_CAPTURE_AUTORELEASING = YES;
				CLANG_WARN_BOOL_CONVERSION = YES;
				CLANG_WARN_COMMA = YES;
				CLANG_WARN_CONSTANT_CONVERSION = YES;
				CLANG_WARN_DEPRECATED_OBJC_IMPLEMENTATIONS = YES;
				CLANG_WARN_DIRECT_OBJC_ISA_USAGE = YES_ERROR;
				CLANG_WARN_DOCUMENTATION_COMMENTS = YES;
				CLANG_WARN_EMPTY_BODY = YES;
				CLANG_WARN_ENUM_CONVERSION = YES;
				CLANG_WARN_INFINITE_RECURSION = YES;
				CLANG_WARN_INT_CONVERSION = YES;
				CLANG_WARN_NON_LITERAL_NULL_CONVERSION = YES;
				CLANG_WARN_OBJC_IMPLICIT_RETAIN_SELF = YES;
				CLANG_WARN_OBJC_LITERAL_CONVERSION = YES;
				CLANG_WARN_OBJC_ROOT_CLASS = YES_ERROR;
				CLANG_WARN_QUOTED_INCLUDE_IN_FRAMEWORK_HEADER = YES;
				CLANG_WARN_RANGE_LOOP_ANALYSIS = YES;
				CLANG_WARN_STRICT_PROTOTYPES = YES;
				CLANG_WARN_SUSPICIOUS_MOVE = YES;
				CLANG_WARN_UNGUARDED_AVAILABILITY = YES_AGGRESSIVE;
				CLANG_WARN_UNREACHABLE_CODE = YES;
				CLANG_WARN__DUPLICATE_METHOD_MATCH = YES;
				COPY_PHASE_STRIP = NO;
				DEBUG_INFORMATION_FORMAT = "dwarf-with-dsym";
				ENABLE_NS_ASSERTIONS = NO;
				ENABLE_STRICT_OBJC_MSGSEND = YES;
				GCC_C_LANGUAGE_STANDARD = gnu11;
				GCC_NO_COMMON_BLOCKS = YES;
				GCC_WARN_64_TO_32_BIT_CONVERSION = YES;
				GCC_WARN_ABOUT_RETURN_TYPE = YES_ERROR;
				GCC_WARN_UNDECLARED_SELECTOR = YES;
				GCC_WARN_UNINITIALIZED_AUTOS = YES_AGGRESSIVE;
				GCC_WARN_UNUSED_FUNCTION = YES;
				GCC_WARN_UNUSED_VARIABLE = YES;
				IPHONEOS_DEPLOYMENT_TARGET = 16.4;
				MTL_ENABLE_DEBUG_INFO = NO;
				MTL_FAST_MATH = YES;
				SDKROOT = iphoneos;
				SWIFT_COMPILATION_MODE = wholemodule;
				SWIFT_OPTIMIZATION_LEVEL = "-O";
				VALIDATE_PRODUCT = YES;
			};
			name = Release;
		};
		B13D98322A143C3D0089C5F6 /* Debug */ = {
			isa = XCBuildConfiguration;
			baseConfigurationReference = F66D5B6D8A0456A3553DB989 /* Pods-PrimeiroProjetoViewCode350BF.debug.xcconfig */;
			buildSettings = {
				ASSETCATALOG_COMPILER_APPICON_NAME = AppIcon;
				ASSETCATALOG_COMPILER_GLOBAL_ACCENT_COLOR_NAME = AccentColor;
				CODE_SIGN_STYLE = Automatic;
				CURRENT_PROJECT_VERSION = 1;
				DEVELOPMENT_TEAM = ZJ6WN3W475;
				GENERATE_INFOPLIST_FILE = YES;
				INFOPLIST_FILE = PrimeiroProjetoViewCode350BF/Info.plist;
				INFOPLIST_KEY_UIApplicationSupportsIndirectInputEvents = YES;
				INFOPLIST_KEY_UILaunchStoryboardName = LaunchScreen;
				INFOPLIST_KEY_UISupportedInterfaceOrientations_iPad = "UIInterfaceOrientationPortrait UIInterfaceOrientationPortraitUpsideDown UIInterfaceOrientationLandscapeLeft UIInterfaceOrientationLandscapeRight";
				INFOPLIST_KEY_UISupportedInterfaceOrientations_iPhone = "UIInterfaceOrientationPortrait UIInterfaceOrientationLandscapeLeft UIInterfaceOrientationLandscapeRight";
				LD_RUNPATH_SEARCH_PATHS = (
					"$(inherited)",
					"@executable_path/Frameworks",
				);
				MARKETING_VERSION = 1.0;
				PRODUCT_BUNDLE_IDENTIFIER = "Leo-Lacerda.PrimeiroProjetoViewCode350BF";
				PRODUCT_NAME = "$(TARGET_NAME)";
				SWIFT_EMIT_LOC_STRINGS = YES;
				SWIFT_VERSION = 5.0;
				TARGETED_DEVICE_FAMILY = "1,2";
			};
			name = Debug;
		};
		B13D98332A143C3D0089C5F6 /* Release */ = {
			isa = XCBuildConfiguration;
			baseConfigurationReference = 47637C40125EB9ED2D95F277 /* Pods-PrimeiroProjetoViewCode350BF.release.xcconfig */;
			buildSettings = {
				ASSETCATALOG_COMPILER_APPICON_NAME = AppIcon;
				ASSETCATALOG_COMPILER_GLOBAL_ACCENT_COLOR_NAME = AccentColor;
				CODE_SIGN_STYLE = Automatic;
				CURRENT_PROJECT_VERSION = 1;
				DEVELOPMENT_TEAM = ZJ6WN3W475;
				GENERATE_INFOPLIST_FILE = YES;
				INFOPLIST_FILE = PrimeiroProjetoViewCode350BF/Info.plist;
				INFOPLIST_KEY_UIApplicationSupportsIndirectInputEvents = YES;
				INFOPLIST_KEY_UILaunchStoryboardName = LaunchScreen;
				INFOPLIST_KEY_UISupportedInterfaceOrientations_iPad = "UIInterfaceOrientationPortrait UIInterfaceOrientationPortraitUpsideDown UIInterfaceOrientationLandscapeLeft UIInterfaceOrientationLandscapeRight";
				INFOPLIST_KEY_UISupportedInterfaceOrientations_iPhone = "UIInterfaceOrientationPortrait UIInterfaceOrientationLandscapeLeft UIInterfaceOrientationLandscapeRight";
				LD_RUNPATH_SEARCH_PATHS = (
					"$(inherited)",
					"@executable_path/Frameworks",
				);
				MARKETING_VERSION = 1.0;
				PRODUCT_BUNDLE_IDENTIFIER = "Leo-Lacerda.PrimeiroProjetoViewCode350BF";
				PRODUCT_NAME = "$(TARGET_NAME)";
				SWIFT_EMIT_LOC_STRINGS = YES;
				SWIFT_VERSION = 5.0;
				TARGETED_DEVICE_FAMILY = "1,2";
			};
			name = Release;
		};
/* End XCBuildConfiguration section */

/* Begin XCConfigurationList section */
		B13D98182A143C390089C5F6 /* Build configuration list for PBXProject "PrimeiroProjetoViewCode350BF" */ = {
			isa = XCConfigurationList;
			buildConfigurations = (
				B13D982F2A143C3D0089C5F6 /* Debug */,
				B13D98302A143C3D0089C5F6 /* Release */,
			);
			defaultConfigurationIsVisible = 0;
			defaultConfigurationName = Release;
		};
		B13D98312A143C3D0089C5F6 /* Build configuration list for PBXNativeTarget "PrimeiroProjetoViewCode350BF" */ = {
			isa = XCConfigurationList;
			buildConfigurations = (
				B13D98322A143C3D0089C5F6 /* Debug */,
				B13D98332A143C3D0089C5F6 /* Release */,
			);
			defaultConfigurationIsVisible = 0;
			defaultConfigurationName = Release;
		};
/* End XCConfigurationList section */
	};
	rootObject = B13D98152A143C390089C5F6 /* Project object */;
}
