// !$*UTF8*$!
{
	archiveVersion = 1;
	classes = {
	};
	objectVersion = 56;
	objects = {

/* Begin PBXBuildFile section */
		B14A7B6E29F8A0DB0047FA1B /* AppDelegate.swift in Sources */ = {isa = PBXBuildFile; fileRef = B14A7B6D29F8A0DB0047FA1B /* AppDelegate.swift */; };
		B14A7B7029F8A0DB0047FA1B /* SceneDelegate.swift in Sources */ = {isa = PBXBuildFile; fileRef = B14A7B6F29F8A0DB0047FA1B /* SceneDelegate.swift */; };
		B14A7B7229F8A0DB0047FA1B /* Tela01ViewController.swift in Sources */ = {isa = PBXBuildFile; fileRef = B14A7B7129F8A0DB0047FA1B /* Tela01ViewController.swift */; };
		B14A7B7529F8A0DB0047FA1B /* Main.storyboard in Resources */ = {isa = PBXBuildFile; fileRef = B14A7B7329F8A0DB0047FA1B /* Main.storyboard */; };
		B14A7B7729F8A0DE0047FA1B /* Assets.xcassets in Resources */ = {isa = PBXBuildFile; fileRef = B14A7B7629F8A0DE0047FA1B /* Assets.xcassets */; };
		B14A7B7A29F8A0DE0047FA1B /* LaunchScreen.storyboard in Resources */ = {isa = PBXBuildFile; fileRef = B14A7B7829F8A0DE0047FA1B /* LaunchScreen.storyboard */; };
		B14A7B8229F8A2200047FA1B /* Tela02ViewController.swift in Sources */ = {isa = PBXBuildFile; fileRef = B14A7B8129F8A2200047FA1B /* Tela02ViewController.swift */; };
		B14A7B8429F8A22D0047FA1B /* Tela03ViewController.swift in Sources */ = {isa = PBXBuildFile; fileRef = B14A7B8329F8A22D0047FA1B /* Tela03ViewController.swift */; };
		B14A7B8829F8AC250047FA1B /* TabBarController.swift in Sources */ = {isa = PBXBuildFile; fileRef = B14A7B8729F8AC250047FA1B /* TabBarController.swift */; };
/* End PBXBuildFile section */

/* Begin PBXFileReference section */
		B14A7B6A29F8A0DB0047FA1B /* PrimeiroProjetoTabBar.app */ = {isa = PBXFileReference; explicitFileType = wrapper.application; includeInIndex = 0; path = PrimeiroProjetoTabBar.app; sourceTree = BUILT_PRODUCTS_DIR; };
		B14A7B6D29F8A0DB0047FA1B /* AppDelegate.swift */ = {isa = PBXFileReference; lastKnownFileType = sourcecode.swift; path = AppDelegate.swift; sourceTree = "<group>"; };
		B14A7B6F29F8A0DB0047FA1B /* SceneDelegate.swift */ = {isa = PBXFileReference; lastKnownFileType = sourcecode.swift; path = SceneDelegate.swift; sourceTree = "<group>"; };
		B14A7B7129F8A0DB0047FA1B /* Tela01ViewController.swift */ = {isa = PBXFileReference; lastKnownFileType = sourcecode.swift; path = Tela01ViewController.swift; sourceTree = "<group>"; };
		B14A7B7429F8A0DB0047FA1B /* Base */ = {isa = PBXFileReference; lastKnownFileType = file.storyboard; name = Base; path = Base.lproj/Main.storyboard; sourceTree = "<group>"; };
		B14A7B7629F8A0DE0047FA1B /* Assets.xcassets */ = {isa = PBXFileReference; lastKnownFileType = folder.assetcatalog; path = Assets.xcassets; sourceTree = "<group>"; };
		B14A7B7929F8A0DE0047FA1B /* Base */ = {isa = PBXFileReference; lastKnownFileType = file.storyboard; name = Base; path = Base.lproj/LaunchScreen.storyboard; sourceTree = "<group>"; };
		B14A7B7B29F8A0DE0047FA1B /* Info.plist */ = {isa = PBXFileReference; lastKnownFileType = text.plist.xml; path = Info.plist; sourceTree = "<group>"; };
		B14A7B8129F8A2200047FA1B /* Tela02ViewController.swift */ = {isa = PBXFileReference; lastKnownFileType = sourcecode.swift; path = Tela02ViewController.swift; sourceTree = "<group>"; };
		B14A7B8329F8A22D0047FA1B /* Tela03ViewController.swift */ = {isa = PBXFileReference; lastKnownFileType = sourcecode.swift; path = Tela03ViewController.swift; sourceTree = "<group>"; };
		B14A7B8729F8AC250047FA1B /* TabBarController.swift */ = {isa = PBXFileReference; lastKnownFileType = sourcecode.swift; path = TabBarController.swift; sourceTree = "<group>"; };
/* End PBXFileReference section */

/* Begin PBXFrameworksBuildPhase section */
		B14A7B6729F8A0DB0047FA1B /* Frameworks */ = {
			isa = PBXFrameworksBuildPhase;
			buildActionMask = 2147483647;
			files = (
			);
			runOnlyForDeploymentPostprocessing = 0;
		};
/* End PBXFrameworksBuildPhase section */

/* Begin PBXGroup section */
		B14A7B6129F8A0DB0047FA1B = {
			isa = PBXGroup;
			children = (
				B14A7B6C29F8A0DB0047FA1B /* PrimeiroProjetoTabBar */,
				B14A7B6B29F8A0DB0047FA1B /* Products */,
			);
			sourceTree = "<group>";
		};
		B14A7B6B29F8A0DB0047FA1B /* Products */ = {
			isa = PBXGroup;
			children = (
				B14A7B6A29F8A0DB0047FA1B /* PrimeiroProjetoTabBar.app */,
			);
			name = Products;
			sourceTree = "<group>";
		};
		B14A7B6C29F8A0DB0047FA1B /* PrimeiroProjetoTabBar */ = {
			isa = PBXGroup;
			children = (
				B14A7B6D29F8A0DB0047FA1B /* AppDelegate.swift */,
				B14A7B6F29F8A0DB0047FA1B /* SceneDelegate.swift */,
				B14A7B7129F8A0DB0047FA1B /* Tela01ViewController.swift */,
				B14A7B8129F8A2200047FA1B /* Tela02ViewController.swift */,
				B14A7B8329F8A22D0047FA1B /* Tela03ViewController.swift */,
				B14A7B8729F8AC250047FA1B /* TabBarController.swift */,
				B14A7B7329F8A0DB0047FA1B /* Main.storyboard */,
				B14A7B7629F8A0DE0047FA1B /* Assets.xcassets */,
				B14A7B7829F8A0DE0047FA1B /* LaunchScreen.storyboard */,
				B14A7B7B29F8A0DE0047FA1B /* Info.plist */,
			);
			path = PrimeiroProjetoTabBar;
			sourceTree = "<group>";
		};
/* End PBXGroup section */

/* Begin PBXNativeTarget section */
		B14A7B6929F8A0DB0047FA1B /* PrimeiroProjetoTabBar */ = {
			isa = PBXNativeTarget;
			buildConfigurationList = B14A7B7E29F8A0DE0047FA1B /* Build configuration list for PBXNativeTarget "PrimeiroProjetoTabBar" */;
			buildPhases = (
				B14A7B6629F8A0DB0047FA1B /* Sources */,
				B14A7B6729F8A0DB0047FA1B /* Frameworks */,
				B14A7B6829F8A0DB0047FA1B /* Resources */,
			);
			buildRules = (
			);
			dependencies = (
			);
			name = PrimeiroProjetoTabBar;
			productName = PrimeiroProjetoTabBar;
			productReference = B14A7B6A29F8A0DB0047FA1B /* PrimeiroProjetoTabBar.app */;
			productType = "com.apple.product-type.application";
		};
/* End PBXNativeTarget section */

/* Begin PBXProject section */
		B14A7B6229F8A0DB0047FA1B /* Project object */ = {
			isa = PBXProject;
			attributes = {
				BuildIndependentTargetsInParallel = 1;
				LastSwiftUpdateCheck = 1430;
				LastUpgradeCheck = 1430;
				TargetAttributes = {
					B14A7B6929F8A0DB0047FA1B = {
						CreatedOnToolsVersion = 14.3;
					};
				};
			};
			buildConfigurationList = B14A7B6529F8A0DB0047FA1B /* Build configuration list for PBXProject "PrimeiroProjetoTabBar" */;
			compatibilityVersion = "Xcode 14.0";
			developmentRegion = en;
			hasScannedForEncodings = 0;
			knownRegions = (
				en,
				Base,
			);
			mainGroup = B14A7B6129F8A0DB0047FA1B;
			productRefGroup = B14A7B6B29F8A0DB0047FA1B /* Products */;
			projectDirPath = "";
			projectRoot = "";
			targets = (
				B14A7B6929F8A0DB0047FA1B /* PrimeiroProjetoTabBar */,
			);
		};
/* End PBXProject section */

/* Begin PBXResourcesBuildPhase section */
		B14A7B6829F8A0DB0047FA1B /* Resources */ = {
			isa = PBXResourcesBuildPhase;
			buildActionMask = 2147483647;
			files = (
				B14A7B7A29F8A0DE0047FA1B /* LaunchScreen.storyboard in Resources */,
				B14A7B7729F8A0DE0047FA1B /* Assets.xcassets in Resources */,
				B14A7B7529F8A0DB0047FA1B /* Main.storyboard in Resources */,
			);
			runOnlyForDeploymentPostprocessing = 0;
		};
/* End PBXResourcesBuildPhase section */

/* Begin PBXSourcesBuildPhase section */
		B14A7B6629F8A0DB0047FA1B /* Sources */ = {
			isa = PBXSourcesBuildPhase;
			buildActionMask = 2147483647;
			files = (
				B14A7B8229F8A2200047FA1B /* Tela02ViewController.swift in Sources */,
				B14A7B7229F8A0DB0047FA1B /* Tela01ViewController.swift in Sources */,
				B14A7B6E29F8A0DB0047FA1B /* AppDelegate.swift in Sources */,
				B14A7B7029F8A0DB0047FA1B /* SceneDelegate.swift in Sources */,
				B14A7B8829F8AC250047FA1B /* TabBarController.swift in Sources */,
				B14A7B8429F8A22D0047FA1B /* Tela03ViewController.swift in Sources */,
			);
			runOnlyForDeploymentPostprocessing = 0;
		};
/* End PBXSourcesBuildPhase section */

/* Begin PBXVariantGroup section */
		B14A7B7329F8A0DB0047FA1B /* Main.storyboard */ = {
			isa = PBXVariantGroup;
			children = (
				B14A7B7429F8A0DB0047FA1B /* Base */,
			);
			name = Main.storyboard;
			sourceTree = "<group>";
		};
		B14A7B7829F8A0DE0047FA1B /* LaunchScreen.storyboard */ = {
			isa = PBXVariantGroup;
			children = (
				B14A7B7929F8A0DE0047FA1B /* Base */,
			);
			name = LaunchScreen.storyboard;
			sourceTree = "<group>";
		};
/* End PBXVariantGroup section */

/* Begin XCBuildConfiguration section */
		B14A7B7C29F8A0DE0047FA1B /* Debug */ = {
			isa = XCBuildConfiguration;
			buildSettings = {
				ALWAYS_SEARCH_USER_PATHS = NO;
				CLANG_ANALYZER_NONNULL = YES;
				CLANG_ANALYZER_NUMBER_OBJECT_CONVERSION = YES_AGGRESSIVE;
				CLANG_CXX_LANGUAGE_STANDARD = "gnu++20";
				CLANG_ENABLE_MODULES = YES;
				CLANG_ENABLE_OBJC_ARC = YES;
				CLANG_ENABLE_OBJC_WEAK = YES;
				CLANG_WARN_BLOCK_CAPTURE_AUTORELEASING = YES;
				CLANG_WARN_BOOL_CONVERSION = YES;
				CLANG_WARN_COMMA = YES;
				CLANG_WARN_CONSTANT_CONVERSION = YES;
				CLANG_WARN_DEPRECATED_OBJC_IMPLEMENTATIONS = YES;
				CLANG_WARN_DIRECT_OBJC_ISA_USAGE = YES_ERROR;
				CLANG_WARN_DOCUMENTATION_COMMENTS = YES;
				CLANG_WARN_EMPTY_BODY = YES;
				CLANG_WARN_ENUM_CONVERSION = YES;
				CLANG_WARN_INFINITE_RECURSION = YES;
				CLANG_WARN_INT_CONVERSION = YES;
				CLANG_WARN_NON_LITERAL_NULL_CONVERSION = YES;
				CLANG_WARN_OBJC_IMPLICIT_RETAIN_SELF = YES;
				CLANG_WARN_OBJC_LITERAL_CONVERSION = YES;
				CLANG_WARN_OBJC_ROOT_CLASS = YES_ERROR;
				CLANG_WARN_QUOTED_INCLUDE_IN_FRAMEWORK_HEADER = YES;
				CLANG_WARN_RANGE_LOOP_ANALYSIS = YES;
				CLANG_WARN_STRICT_PROTOTYPES = YES;
				CLANG_WARN_SUSPICIOUS_MOVE = YES;
				CLANG_WARN_UNGUARDED_AVAILABILITY = YES_AGGRESSIVE;
				CLANG_WARN_UNREACHABLE_CODE = YES;
				CLANG_WARN__DUPLICATE_METHOD_MATCH = YES;
				COPY_PHASE_STRIP = NO;
				DEBUG_INFORMATION_FORMAT = dwarf;
				ENABLE_STRICT_OBJC_MSGSEND = YES;
				ENABLE_TESTABILITY = YES;
				GCC_C_LANGUAGE_STANDARD = gnu11;
				GCC_DYNAMIC_NO_PIC = NO;
				GCC_NO_COMMON_BLOCKS = YES;
				GCC_OPTIMIZATION_LEVEL = 0;
				GCC_PREPROCESSOR_DEFINITIONS = (
					"DEBUG=1",
					"$(inherited)",
				);
				GCC_WARN_64_TO_32_BIT_CONVERSION = YES;
				GCC_WARN_ABOUT_RETURN_TYPE = YES_ERROR;
				GCC_WARN_UNDECLARED_SELECTOR = YES;
				GCC_WARN_UNINITIALIZED_AUTOS = YES_AGGRESSIVE;
				GCC_WARN_UNUSED_FUNCTION = YES;
				GCC_WARN_UNUSED_VARIABLE = YES;
				IPHONEOS_DEPLOYMENT_TARGET = 16.4;
				MTL_ENABLE_DEBUG_INFO = INCLUDE_SOURCE;
				MTL_FAST_MATH = YES;
				ONLY_ACTIVE_ARCH = YES;
				SDKROOT = iphoneos;
				SWIFT_ACTIVE_COMPILATION_CONDITIONS = DEBUG;
				SWIFT_OPTIMIZATION_LEVEL = "-Onone";
			};
			name = Debug;
		};
		B14A7B7D29F8A0DE0047FA1B /* Release */ = {
			isa = XCBuildConfiguration;
			buildSettings = {
				ALWAYS_SEARCH_USER_PATHS = NO;
				CLANG_ANALYZER_NONNULL = YES;
				CLANG_ANALYZER_NUMBER_OBJECT_CONVERSION = YES_AGGRESSIVE;
				CLANG_CXX_LANGUAGE_STANDARD = "gnu++20";
				CLANG_ENABLE_MODULES = YES;
				CLANG_ENABLE_OBJC_ARC = YES;
				CLANG_ENABLE_OBJC_WEAK = YES;
				CLANG_WARN_BLOCK_CAPTURE_AUTORELEASING = YES;
				CLANG_WARN_BOOL_CONVERSION = YES;
				CLANG_WARN_COMMA = YES;
				CLANG_WARN_CONSTANT_CONVERSION = YES;
				CLANG_WARN_DEPRECATED_OBJC_IMPLEMENTATIONS = YES;
				CLANG_WARN_DIRECT_OBJC_ISA_USAGE = YES_ERROR;
				CLANG_WARN_DOCUMENTATION_COMMENTS = YES;
				CLANG_WARN_EMPTY_BODY = YES;
				CLANG_WARN_ENUM_CONVERSION = YES;
				CLANG_WARN_INFINITE_RECURSION = YES;
				CLANG_WARN_INT_CONVERSION = YES;
				CLANG_WARN_NON_LITERAL_NULL_CONVERSION = YES;
				CLANG_WARN_OBJC_IMPLICIT_RETAIN_SELF = YES;
				CLANG_WARN_OBJC_LITERAL_CONVERSION = YES;
				CLANG_WARN_OBJC_ROOT_CLASS = YES_ERROR;
				CLANG_WARN_QUOTED_INCLUDE_IN_FRAMEWORK_HEADER = YES;
				CLANG_WARN_RANGE_LOOP_ANALYSIS = YES;
				CLANG_WARN_STRICT_PROTOTYPES = YES;
				CLANG_WARN_SUSPICIOUS_MOVE = YES;
				CLANG_WARN_UNGUARDED_AVAILABILITY = YES_AGGRESSIVE;
				CLANG_WARN_UNREACHABLE_CODE = YES;
				CLANG_WARN__DUPLICATE_METHOD_MATCH = YES;
				COPY_PHASE_STRIP = NO;
				DEBUG_INFORMATION_FORMAT = "dwarf-with-dsym";
				ENABLE_NS_ASSERTIONS = NO;
				ENABLE_STRICT_OBJC_MSGSEND = YES;
				GCC_C_LANGUAGE_STANDARD = gnu11;
				GCC_NO_COMMON_BLOCKS = YES;
				GCC_WARN_64_TO_32_BIT_CONVERSION = YES;
				GCC_WARN_ABOUT_RETURN_TYPE = YES_ERROR;
				GCC_WARN_UNDECLARED_SELECTOR = YES;
				GCC_WARN_UNINITIALIZED_AUTOS = YES_AGGRESSIVE;
				GCC_WARN_UNUSED_FUNCTION = YES;
				GCC_WARN_UNUSED_VARIABLE = YES;
				IPHONEOS_DEPLOYMENT_TARGET = 16.4;
				MTL_ENABLE_DEBUG_INFO = NO;
				MTL_FAST_MATH = YES;
				SDKROOT = iphoneos;
				SWIFT_COMPILATION_MODE = wholemodule;
				SWIFT_OPTIMIZATION_LEVEL = "-O";
				VALIDATE_PRODUCT = YES;
			};
			name = Release;
		};
		B14A7B7F29F8A0DE0047FA1B /* Debug */ = {
			isa = XCBuildConfiguration;
			buildSettings = {
				ASSETCATALOG_COMPILER_APPICON_NAME = AppIcon;
				ASSETCATALOG_COMPILER_GLOBAL_ACCENT_COLOR_NAME = AccentColor;
				CODE_SIGN_STYLE = Automatic;
				CURRENT_PROJECT_VERSION = 1;
				DEVELOPMENT_TEAM = ZJ6WN3W475;
				GENERATE_INFOPLIST_FILE = YES;
				INFOPLIST_FILE = PrimeiroProjetoTabBar/Info.plist;
				INFOPLIST_KEY_UIApplicationSupportsIndirectInputEvents = YES;
				INFOPLIST_KEY_UILaunchStoryboardName = LaunchScreen;
				INFOPLIST_KEY_UIMainStoryboardFile = Main;
				INFOPLIST_KEY_UISupportedInterfaceOrientations_iPad = "UIInterfaceOrientationPortrait UIInterfaceOrientationPortraitUpsideDown UIInterfaceOrientationLandscapeLeft UIInterfaceOrientationLandscapeRight";
				INFOPLIST_KEY_UISupportedInterfaceOrientations_iPhone = "UIInterfaceOrientationPortrait UIInterfaceOrientationLandscapeLeft UIInterfaceOrientationLandscapeRight";
				LD_RUNPATH_SEARCH_PATHS = (
					"$(inherited)",
					"@executable_path/Frameworks",
				);
				MARKETING_VERSION = 1.0;
				PRODUCT_BUNDLE_IDENTIFIER = "Leo-Lacerda.PrimeiroProjetoTabBar";
				PRODUCT_NAME = "$(TARGET_NAME)";
				SWIFT_EMIT_LOC_STRINGS = YES;
				SWIFT_VERSION = 5.0;
				TARGETED_DEVICE_FAMILY = "1,2";
			};
			name = Debug;
		};
		B14A7B8029F8A0DE0047FA1B /* Release */ = {
			isa = XCBuildConfiguration;
			buildSettings = {
				ASSETCATALOG_COMPILER_APPICON_NAME = AppIcon;
				ASSETCATALOG_COMPILER_GLOBAL_ACCENT_COLOR_NAME = AccentColor;
				CODE_SIGN_STYLE = Automatic;
				CURRENT_PROJECT_VERSION = 1;
				DEVELOPMENT_TEAM = ZJ6WN3W475;
				GENERATE_INFOPLIST_FILE = YES;
				INFOPLIST_FILE = PrimeiroProjetoTabBar/Info.plist;
				INFOPLIST_KEY_UIApplicationSupportsIndirectInputEvents = YES;
				INFOPLIST_KEY_UILaunchStoryboardName = LaunchScreen;
				INFOPLIST_KEY_UIMainStoryboardFile = Main;
				INFOPLIST_KEY_UISupportedInterfaceOrientations_iPad = "UIInterfaceOrientationPortrait UIInterfaceOrientationPortraitUpsideDown UIInterfaceOrientationLandscapeLeft UIInterfaceOrientationLandscapeRight";
				INFOPLIST_KEY_UISupportedInterfaceOrientations_iPhone = "UIInterfaceOrientationPortrait UIInterfaceOrientationLandscapeLeft UIInterfaceOrientationLandscapeRight";
				LD_RUNPATH_SEARCH_PATHS = (
					"$(inherited)",
					"@executable_path/Frameworks",
				);
				MARKETING_VERSION = 1.0;
				PRODUCT_BUNDLE_IDENTIFIER = "Leo-Lacerda.PrimeiroProjetoTabBar";
				PRODUCT_NAME = "$(TARGET_NAME)";
				SWIFT_EMIT_LOC_STRINGS = YES;
				SWIFT_VERSION = 5.0;
				TARGETED_DEVICE_FAMILY = "1,2";
			};
			name = Release;
		};
/* End XCBuildConfiguration section */

/* Begin XCConfigurationList section */
		B14A7B6529F8A0DB0047FA1B /* Build configuration list for PBXProject "PrimeiroProjetoTabBar" */ = {
			isa = XCConfigurationList;
			buildConfigurations = (
				B14A7B7C29F8A0DE0047FA1B /* Debug */,
				B14A7B7D29F8A0DE0047FA1B /* Release */,
			);
			defaultConfigurationIsVisible = 0;
			defaultConfigurationName = Release;
		};
		B14A7B7E29F8A0DE0047FA1B /* Build configuration list for PBXNativeTarget "PrimeiroProjetoTabBar" */ = {
			isa = XCConfigurationList;
			buildConfigurations = (
				B14A7B7F29F8A0DE0047FA1B /* Debug */,
				B14A7B8029F8A0DE0047FA1B /* Release */,
			);
			defaultConfigurationIsVisible = 0;
			defaultConfigurationName = Release;
		};
/* End XCConfigurationList section */
	};
	rootObject = B14A7B6229F8A0DB0047FA1B /* Project object */;
}
