// !$*UTF8*$!
{
	archiveVersion = 1;
	classes = {
	};
	objectVersion = 56;
	objects = {

/* Begin PBXBuildFile section */
		B1190FA529E63D98005080FF /* AppDelegate.swift in Sources */ = {isa = PBXBuildFile; fileRef = B1190FA429E63D98005080FF /* AppDelegate.swift */; };
		B1190FA729E63D98005080FF /* SceneDelegate.swift in Sources */ = {isa = PBXBuildFile; fileRef = B1190FA629E63D98005080FF /* SceneDelegate.swift */; };
		B1190FA929E63D98005080FF /* ViewController.swift in Sources */ = {isa = PBXBuildFile; fileRef = B1190FA829E63D98005080FF /* ViewController.swift */; };
		B1190FAC29E63D98005080FF /* Main.storyboard in Resources */ = {isa = PBXBuildFile; fileRef = B1190FAA29E63D98005080FF /* Main.storyboard */; };
		B1190FAE29E63D9B005080FF /* Assets.xcassets in Resources */ = {isa = PBXBuildFile; fileRef = B1190FAD29E63D9B005080FF /* Assets.xcassets */; };
		B1190FB129E63D9B005080FF /* LaunchScreen.storyboard in Resources */ = {isa = PBXBuildFile; fileRef = B1190FAF29E63D9B005080FF /* LaunchScreen.storyboard */; };
		B1190FBB29E63EC0005080FF /* TableViewCell.swift in Sources */ = {isa = PBXBuildFile; fileRef = B1190FB929E63EC0005080FF /* TableViewCell.swift */; };
		B1190FBC29E63EC0005080FF /* TableViewCell.xib in Resources */ = {isa = PBXBuildFile; fileRef = B1190FBA29E63EC0005080FF /* TableViewCell.xib */; };
		B1190FBF29E640BF005080FF /* Person.swift in Sources */ = {isa = PBXBuildFile; fileRef = B1190FBE29E640BF005080FF /* Person.swift */; };
/* End PBXBuildFile section */

/* Begin PBXFileReference section */
		B1190FA129E63D98005080FF /* ExercicioTableView.app */ = {isa = PBXFileReference; explicitFileType = wrapper.application; includeInIndex = 0; path = ExercicioTableView.app; sourceTree = BUILT_PRODUCTS_DIR; };
		B1190FA429E63D98005080FF /* AppDelegate.swift */ = {isa = PBXFileReference; lastKnownFileType = sourcecode.swift; path = AppDelegate.swift; sourceTree = "<group>"; };
		B1190FA629E63D98005080FF /* SceneDelegate.swift */ = {isa = PBXFileReference; lastKnownFileType = sourcecode.swift; path = SceneDelegate.swift; sourceTree = "<group>"; };
		B1190FA829E63D98005080FF /* ViewController.swift */ = {isa = PBXFileReference; lastKnownFileType = sourcecode.swift; path = ViewController.swift; sourceTree = "<group>"; };
		B1190FAB29E63D98005080FF /* Base */ = {isa = PBXFileReference; lastKnownFileType = file.storyboard; name = Base; path = Base.lproj/Main.storyboard; sourceTree = "<group>"; };
		B1190FAD29E63D9B005080FF /* Assets.xcassets */ = {isa = PBXFileReference; lastKnownFileType = folder.assetcatalog; path = Assets.xcassets; sourceTree = "<group>"; };
		B1190FB029E63D9B005080FF /* Base */ = {isa = PBXFileReference; lastKnownFileType = file.storyboard; name = Base; path = Base.lproj/LaunchScreen.storyboard; sourceTree = "<group>"; };
		B1190FB229E63D9B005080FF /* Info.plist */ = {isa = PBXFileReference; lastKnownFileType = text.plist.xml; path = Info.plist; sourceTree = "<group>"; };
		B1190FB929E63EC0005080FF /* TableViewCell.swift */ = {isa = PBXFileReference; lastKnownFileType = sourcecode.swift; path = TableViewCell.swift; sourceTree = "<group>"; };
		B1190FBA29E63EC0005080FF /* TableViewCell.xib */ = {isa = PBXFileReference; lastKnownFileType = file.xib; path = TableViewCell.xib; sourceTree = "<group>"; };
		B1190FBE29E640BF005080FF /* Person.swift */ = {isa = PBXFileReference; lastKnownFileType = sourcecode.swift; path = Person.swift; sourceTree = "<group>"; };
/* End PBXFileReference section */

/* Begin PBXFrameworksBuildPhase section */
		B1190F9E29E63D98005080FF /* Frameworks */ = {
			isa = PBXFrameworksBuildPhase;
			buildActionMask = 2147483647;
			files = (
			);
			runOnlyForDeploymentPostprocessing = 0;
		};
/* End PBXFrameworksBuildPhase section */

/* Begin PBXGroup section */
		B1190F9829E63D98005080FF = {
			isa = PBXGroup;
			children = (
				B1190FA329E63D98005080FF /* ExercicioTableView */,
				B1190FA229E63D98005080FF /* Products */,
			);
			sourceTree = "<group>";
		};
		B1190FA229E63D98005080FF /* Products */ = {
			isa = PBXGroup;
			children = (
				B1190FA129E63D98005080FF /* ExercicioTableView.app */,
			);
			name = Products;
			sourceTree = "<group>";
		};
		B1190FA329E63D98005080FF /* ExercicioTableView */ = {
			isa = PBXGroup;
			children = (
				B1190FBD29E640A9005080FF /* Model */,
				B1190FB829E63E98005080FF /* Cell */,
				B1190FA429E63D98005080FF /* AppDelegate.swift */,
				B1190FA629E63D98005080FF /* SceneDelegate.swift */,
				B1190FA829E63D98005080FF /* ViewController.swift */,
				B1190FAA29E63D98005080FF /* Main.storyboard */,
				B1190FAD29E63D9B005080FF /* Assets.xcassets */,
				B1190FAF29E63D9B005080FF /* LaunchScreen.storyboard */,
				B1190FB229E63D9B005080FF /* Info.plist */,
			);
			path = ExercicioTableView;
			sourceTree = "<group>";
		};
		B1190FB829E63E98005080FF /* Cell */ = {
			isa = PBXGroup;
			children = (
				B1190FB929E63EC0005080FF /* TableViewCell.swift */,
				B1190FBA29E63EC0005080FF /* TableViewCell.xib */,
			);
			path = Cell;
			sourceTree = "<group>";
		};
		B1190FBD29E640A9005080FF /* Model */ = {
			isa = PBXGroup;
			children = (
				B1190FBE29E640BF005080FF /* Person.swift */,
			);
			path = Model;
			sourceTree = "<group>";
		};
/* End PBXGroup section */

/* Begin PBXNativeTarget section */
		B1190FA029E63D98005080FF /* ExercicioTableView */ = {
			isa = PBXNativeTarget;
			buildConfigurationList = B1190FB529E63D9B005080FF /* Build configuration list for PBXNativeTarget "ExercicioTableView" */;
			buildPhases = (
				B1190F9D29E63D98005080FF /* Sources */,
				B1190F9E29E63D98005080FF /* Frameworks */,
				B1190F9F29E63D98005080FF /* Resources */,
			);
			buildRules = (
			);
			dependencies = (
			);
			name = ExercicioTableView;
			productName = ExercicioTableView;
			productReference = B1190FA129E63D98005080FF /* ExercicioTableView.app */;
			productType = "com.apple.product-type.application";
		};
/* End PBXNativeTarget section */

/* Begin PBXProject section */
		B1190F9929E63D98005080FF /* Project object */ = {
			isa = PBXProject;
			attributes = {
				BuildIndependentTargetsInParallel = 1;
				LastSwiftUpdateCheck = 1430;
				LastUpgradeCheck = 1430;
				TargetAttributes = {
					B1190FA029E63D98005080FF = {
						CreatedOnToolsVersion = 14.3;
					};
				};
			};
			buildConfigurationList = B1190F9C29E63D98005080FF /* Build configuration list for PBXProject "ExercicioTableView" */;
			compatibilityVersion = "Xcode 14.0";
			developmentRegion = en;
			hasScannedForEncodings = 0;
			knownRegions = (
				en,
				Base,
			);
			mainGroup = B1190F9829E63D98005080FF;
			productRefGroup = B1190FA229E63D98005080FF /* Products */;
			projectDirPath = "";
			projectRoot = "";
			targets = (
				B1190FA029E63D98005080FF /* ExercicioTableView */,
			);
		};
/* End PBXProject section */

/* Begin PBXResourcesBuildPhase section */
		B1190F9F29E63D98005080FF /* Resources */ = {
			isa = PBXResourcesBuildPhase;
			buildActionMask = 2147483647;
			files = (
				B1190FB129E63D9B005080FF /* LaunchScreen.storyboard in Resources */,
				B1190FBC29E63EC0005080FF /* TableViewCell.xib in Resources */,
				B1190FAE29E63D9B005080FF /* Assets.xcassets in Resources */,
				B1190FAC29E63D98005080FF /* Main.storyboard in Resources */,
			);
			runOnlyForDeploymentPostprocessing = 0;
		};
/* End PBXResourcesBuildPhase section */

/* Begin PBXSourcesBuildPhase section */
		B1190F9D29E63D98005080FF /* Sources */ = {
			isa = PBXSourcesBuildPhase;
			buildActionMask = 2147483647;
			files = (
				B1190FBF29E640BF005080FF /* Person.swift in Sources */,
				B1190FA929E63D98005080FF /* ViewController.swift in Sources */,
				B1190FBB29E63EC0005080FF /* TableViewCell.swift in Sources */,
				B1190FA529E63D98005080FF /* AppDelegate.swift in Sources */,
				B1190FA729E63D98005080FF /* SceneDelegate.swift in Sources */,
			);
			runOnlyForDeploymentPostprocessing = 0;
		};
/* End PBXSourcesBuildPhase section */

/* Begin PBXVariantGroup section */
		B1190FAA29E63D98005080FF /* Main.storyboard */ = {
			isa = PBXVariantGroup;
			children = (
				B1190FAB29E63D98005080FF /* Base */,
			);
			name = Main.storyboard;
			sourceTree = "<group>";
		};
		B1190FAF29E63D9B005080FF /* LaunchScreen.storyboard */ = {
			isa = PBXVariantGroup;
			children = (
				B1190FB029E63D9B005080FF /* Base */,
			);
			name = LaunchScreen.storyboard;
			sourceTree = "<group>";
		};
/* End PBXVariantGroup section */

/* Begin XCBuildConfiguration section */
		B1190FB329E63D9B005080FF /* Debug */ = {
			isa = XCBuildConfiguration;
			buildSettings = {
				ALWAYS_SEARCH_USER_PATHS = NO;
				CLANG_ANALYZER_NONNULL = YES;
				CLANG_ANALYZER_NUMBER_OBJECT_CONVERSION = YES_AGGRESSIVE;
				CLANG_CXX_LANGUAGE_STANDARD = "gnu++20";
				CLANG_ENABLE_MODULES = YES;
				CLANG_ENABLE_OBJC_ARC = YES;
				CLANG_ENABLE_OBJC_WEAK = YES;
				CLANG_WARN_BLOCK_CAPTURE_AUTORELEASING = YES;
				CLANG_WARN_BOOL_CONVERSION = YES;
				CLANG_WARN_COMMA = YES;
				CLANG_WARN_CONSTANT_CONVERSION = YES;
				CLANG_WARN_DEPRECATED_OBJC_IMPLEMENTATIONS = YES;
				CLANG_WARN_DIRECT_OBJC_ISA_USAGE = YES_ERROR;
				CLANG_WARN_DOCUMENTATION_COMMENTS = YES;
				CLANG_WARN_EMPTY_BODY = YES;
				CLANG_WARN_ENUM_CONVERSION = YES;
				CLANG_WARN_INFINITE_RECURSION = YES;
				CLANG_WARN_INT_CONVERSION = YES;
				CLANG_WARN_NON_LITERAL_NULL_CONVERSION = YES;
				CLANG_WARN_OBJC_IMPLICIT_RETAIN_SELF = YES;
				CLANG_WARN_OBJC_LITERAL_CONVERSION = YES;
				CLANG_WARN_OBJC_ROOT_CLASS = YES_ERROR;
				CLANG_WARN_QUOTED_INCLUDE_IN_FRAMEWORK_HEADER = YES;
				CLANG_WARN_RANGE_LOOP_ANALYSIS = YES;
				CLANG_WARN_STRICT_PROTOTYPES = YES;
				CLANG_WARN_SUSPICIOUS_MOVE = YES;
				CLANG_WARN_UNGUARDED_AVAILABILITY = YES_AGGRESSIVE;
				CLANG_WARN_UNREACHABLE_CODE = YES;
				CLANG_WARN__DUPLICATE_METHOD_MATCH = YES;
				COPY_PHASE_STRIP = NO;
				DEBUG_INFORMATION_FORMAT = dwarf;
				ENABLE_STRICT_OBJC_MSGSEND = YES;
				ENABLE_TESTABILITY = YES;
				GCC_C_LANGUAGE_STANDARD = gnu11;
				GCC_DYNAMIC_NO_PIC = NO;
				GCC_NO_COMMON_BLOCKS = YES;
				GCC_OPTIMIZATION_LEVEL = 0;
				GCC_PREPROCESSOR_DEFINITIONS = (
					"DEBUG=1",
					"$(inherited)",
				);
				GCC_WARN_64_TO_32_BIT_CONVERSION = YES;
				GCC_WARN_ABOUT_RETURN_TYPE = YES_ERROR;
				GCC_WARN_UNDECLARED_SELECTOR = YES;
				GCC_WARN_UNINITIALIZED_AUTOS = YES_AGGRESSIVE;
				GCC_WARN_UNUSED_FUNCTION = YES;
				GCC_WARN_UNUSED_VARIABLE = YES;
				IPHONEOS_DEPLOYMENT_TARGET = 16.4;
				MTL_ENABLE_DEBUG_INFO = INCLUDE_SOURCE;
				MTL_FAST_MATH = YES;
				ONLY_ACTIVE_ARCH = YES;
				SDKROOT = iphoneos;
				SWIFT_ACTIVE_COMPILATION_CONDITIONS = DEBUG;
				SWIFT_OPTIMIZATION_LEVEL = "-Onone";
			};
			name = Debug;
		};
		B1190FB429E63D9B005080FF /* Release */ = {
			isa = XCBuildConfiguration;
			buildSettings = {
				ALWAYS_SEARCH_USER_PATHS = NO;
				CLANG_ANALYZER_NONNULL = YES;
				CLANG_ANALYZER_NUMBER_OBJECT_CONVERSION = YES_AGGRESSIVE;
				CLANG_CXX_LANGUAGE_STANDARD = "gnu++20";
				CLANG_ENABLE_MODULES = YES;
				CLANG_ENABLE_OBJC_ARC = YES;
				CLANG_ENABLE_OBJC_WEAK = YES;
				CLANG_WARN_BLOCK_CAPTURE_AUTORELEASING = YES;
				CLANG_WARN_BOOL_CONVERSION = YES;
				CLANG_WARN_COMMA = YES;
				CLANG_WARN_CONSTANT_CONVERSION = YES;
				CLANG_WARN_DEPRECATED_OBJC_IMPLEMENTATIONS = YES;
				CLANG_WARN_DIRECT_OBJC_ISA_USAGE = YES_ERROR;
				CLANG_WARN_DOCUMENTATION_COMMENTS = YES;
				CLANG_WARN_EMPTY_BODY = YES;
				CLANG_WARN_ENUM_CONVERSION = YES;
				CLANG_WARN_INFINITE_RECURSION = YES;
				CLANG_WARN_INT_CONVERSION = YES;
				CLANG_WARN_NON_LITERAL_NULL_CONVERSION = YES;
				CLANG_WARN_OBJC_IMPLICIT_RETAIN_SELF = YES;
				CLANG_WARN_OBJC_LITERAL_CONVERSION = YES;
				CLANG_WARN_OBJC_ROOT_CLASS = YES_ERROR;
				CLANG_WARN_QUOTED_INCLUDE_IN_FRAMEWORK_HEADER = YES;
				CLANG_WARN_RANGE_LOOP_ANALYSIS = YES;
				CLANG_WARN_STRICT_PROTOTYPES = YES;
				CLANG_WARN_SUSPICIOUS_MOVE = YES;
				CLANG_WARN_UNGUARDED_AVAILABILITY = YES_AGGRESSIVE;
				CLANG_WARN_UNREACHABLE_CODE = YES;
				CLANG_WARN__DUPLICATE_METHOD_MATCH = YES;
				COPY_PHASE_STRIP = NO;
				DEBUG_INFORMATION_FORMAT = "dwarf-with-dsym";
				ENABLE_NS_ASSERTIONS = NO;
				ENABLE_STRICT_OBJC_MSGSEND = YES;
				GCC_C_LANGUAGE_STANDARD = gnu11;
				GCC_NO_COMMON_BLOCKS = YES;
				GCC_WARN_64_TO_32_BIT_CONVERSION = YES;
				GCC_WARN_ABOUT_RETURN_TYPE = YES_ERROR;
				GCC_WARN_UNDECLARED_SELECTOR = YES;
				GCC_WARN_UNINITIALIZED_AUTOS = YES_AGGRESSIVE;
				GCC_WARN_UNUSED_FUNCTION = YES;
				GCC_WARN_UNUSED_VARIABLE = YES;
				IPHONEOS_DEPLOYMENT_TARGET = 16.4;
				MTL_ENABLE_DEBUG_INFO = NO;
				MTL_FAST_MATH = YES;
				SDKROOT = iphoneos;
				SWIFT_COMPILATION_MODE = wholemodule;
				SWIFT_OPTIMIZATION_LEVEL = "-O";
				VALIDATE_PRODUCT = YES;
			};
			name = Release;
		};
		B1190FB629E63D9B005080FF /* Debug */ = {
			isa = XCBuildConfiguration;
			buildSettings = {
				ASSETCATALOG_COMPILER_APPICON_NAME = AppIcon;
				ASSETCATALOG_COMPILER_GLOBAL_ACCENT_COLOR_NAME = AccentColor;
				CODE_SIGN_STYLE = Automatic;
				CURRENT_PROJECT_VERSION = 1;
				DEVELOPMENT_TEAM = ZJ6WN3W475;
				GENERATE_INFOPLIST_FILE = YES;
				INFOPLIST_FILE = ExercicioTableView/Info.plist;
				INFOPLIST_KEY_UIApplicationSupportsIndirectInputEvents = YES;
				INFOPLIST_KEY_UILaunchStoryboardName = LaunchScreen;
				INFOPLIST_KEY_UIMainStoryboardFile = Main;
				INFOPLIST_KEY_UISupportedInterfaceOrientations_iPad = "UIInterfaceOrientationPortrait UIInterfaceOrientationPortraitUpsideDown UIInterfaceOrientationLandscapeLeft UIInterfaceOrientationLandscapeRight";
				INFOPLIST_KEY_UISupportedInterfaceOrientations_iPhone = "UIInterfaceOrientationPortrait UIInterfaceOrientationLandscapeLeft UIInterfaceOrientationLandscapeRight";
				LD_RUNPATH_SEARCH_PATHS = (
					"$(inherited)",
					"@executable_path/Frameworks",
				);
				MARKETING_VERSION = 1.0;
				PRODUCT_BUNDLE_IDENTIFIER = "Leo-Lacerda.ExercicioTableView";
				PRODUCT_NAME = "$(TARGET_NAME)";
				SWIFT_EMIT_LOC_STRINGS = YES;
				SWIFT_VERSION = 5.0;
				TARGETED_DEVICE_FAMILY = "1,2";
			};
			name = Debug;
		};
		B1190FB729E63D9B005080FF /* Release */ = {
			isa = XCBuildConfiguration;
			buildSettings = {
				ASSETCATALOG_COMPILER_APPICON_NAME = AppIcon;
				ASSETCATALOG_COMPILER_GLOBAL_ACCENT_COLOR_NAME = AccentColor;
				CODE_SIGN_STYLE = Automatic;
				CURRENT_PROJECT_VERSION = 1;
				DEVELOPMENT_TEAM = ZJ6WN3W475;
				GENERATE_INFOPLIST_FILE = YES;
				INFOPLIST_FILE = ExercicioTableView/Info.plist;
				INFOPLIST_KEY_UIApplicationSupportsIndirectInputEvents = YES;
				INFOPLIST_KEY_UILaunchStoryboardName = LaunchScreen;
				INFOPLIST_KEY_UIMainStoryboardFile = Main;
				INFOPLIST_KEY_UISupportedInterfaceOrientations_iPad = "UIInterfaceOrientationPortrait UIInterfaceOrientationPortraitUpsideDown UIInterfaceOrientationLandscapeLeft UIInterfaceOrientationLandscapeRight";
				INFOPLIST_KEY_UISupportedInterfaceOrientations_iPhone = "UIInterfaceOrientationPortrait UIInterfaceOrientationLandscapeLeft UIInterfaceOrientationLandscapeRight";
				LD_RUNPATH_SEARCH_PATHS = (
					"$(inherited)",
					"@executable_path/Frameworks",
				);
				MARKETING_VERSION = 1.0;
				PRODUCT_BUNDLE_IDENTIFIER = "Leo-Lacerda.ExercicioTableView";
				PRODUCT_NAME = "$(TARGET_NAME)";
				SWIFT_EMIT_LOC_STRINGS = YES;
				SWIFT_VERSION = 5.0;
				TARGETED_DEVICE_FAMILY = "1,2";
			};
			name = Release;
		};
/* End XCBuildConfiguration section */

/* Begin XCConfigurationList section */
		B1190F9C29E63D98005080FF /* Build configuration list for PBXProject "ExercicioTableView" */ = {
			isa = XCConfigurationList;
			buildConfigurations = (
				B1190FB329E63D9B005080FF /* Debug */,
				B1190FB429E63D9B005080FF /* Release */,
			);
			defaultConfigurationIsVisible = 0;
			defaultConfigurationName = Release;
		};
		B1190FB529E63D9B005080FF /* Build configuration list for PBXNativeTarget "ExercicioTableView" */ = {
			isa = XCConfigurationList;
			buildConfigurations = (
				B1190FB629E63D9B005080FF /* Debug */,
				B1190FB729E63D9B005080FF /* Release */,
			);
			defaultConfigurationIsVisible = 0;
			defaultConfigurationName = Release;
		};
/* End XCConfigurationList section */
	};
	rootObject = B1190F9929E63D98005080FF /* Project object */;
}
