// !$*UTF8*$!
{
	archiveVersion = 1;
	classes = {
	};
	objectVersion = 56;
	objects = {

/* Begin PBXBuildFile section */
		B1BACFF029F1F6030063C2DF /* AppDelegate.swift in Sources */ = {isa = PBXBuildFile; fileRef = B1BACFEF29F1F6030063C2DF /* AppDelegate.swift */; };
		B1BACFF229F1F6030063C2DF /* SceneDelegate.swift in Sources */ = {isa = PBXBuildFile; fileRef = B1BACFF129F1F6030063C2DF /* SceneDelegate.swift */; };
		B1BACFF429F1F6030063C2DF /* ViewController.swift in Sources */ = {isa = PBXBuildFile; fileRef = B1BACFF329F1F6030063C2DF /* ViewController.swift */; };
		B1BACFF729F1F6030063C2DF /* Main.storyboard in Resources */ = {isa = PBXBuildFile; fileRef = B1BACFF529F1F6030063C2DF /* Main.storyboard */; };
		B1BACFF929F1F6060063C2DF /* Assets.xcassets in Resources */ = {isa = PBXBuildFile; fileRef = B1BACFF829F1F6060063C2DF /* Assets.xcassets */; };
		B1BACFFC29F1F6060063C2DF /* LaunchScreen.storyboard in Resources */ = {isa = PBXBuildFile; fileRef = B1BACFFA29F1F6060063C2DF /* LaunchScreen.storyboard */; };
		B1BAD00629F1FF470063C2DF /* CustomCollectionViewCell.swift in Sources */ = {isa = PBXBuildFile; fileRef = B1BAD00429F1FF470063C2DF /* CustomCollectionViewCell.swift */; };
		B1BAD00729F1FF470063C2DF /* CustomCollectionViewCell.xib in Resources */ = {isa = PBXBuildFile; fileRef = B1BAD00529F1FF470063C2DF /* CustomCollectionViewCell.xib */; };
/* End PBXBuildFile section */

/* Begin PBXFileReference section */
		B1BACFEC29F1F6030063C2DF /* PrimeiroProjetoCollectionView.app */ = {isa = PBXFileReference; explicitFileType = wrapper.application; includeInIndex = 0; path = PrimeiroProjetoCollectionView.app; sourceTree = BUILT_PRODUCTS_DIR; };
		B1BACFEF29F1F6030063C2DF /* AppDelegate.swift */ = {isa = PBXFileReference; lastKnownFileType = sourcecode.swift; path = AppDelegate.swift; sourceTree = "<group>"; };
		B1BACFF129F1F6030063C2DF /* SceneDelegate.swift */ = {isa = PBXFileReference; lastKnownFileType = sourcecode.swift; path = SceneDelegate.swift; sourceTree = "<group>"; };
		B1BACFF329F1F6030063C2DF /* ViewController.swift */ = {isa = PBXFileReference; lastKnownFileType = sourcecode.swift; path = ViewController.swift; sourceTree = "<group>"; };
		B1BACFF629F1F6030063C2DF /* Base */ = {isa = PBXFileReference; lastKnownFileType = file.storyboard; name = Base; path = Base.lproj/Main.storyboard; sourceTree = "<group>"; };
		B1BACFF829F1F6060063C2DF /* Assets.xcassets */ = {isa = PBXFileReference; lastKnownFileType = folder.assetcatalog; path = Assets.xcassets; sourceTree = "<group>"; };
		B1BACFFB29F1F6060063C2DF /* Base */ = {isa = PBXFileReference; lastKnownFileType = file.storyboard; name = Base; path = Base.lproj/LaunchScreen.storyboard; sourceTree = "<group>"; };
		B1BACFFD29F1F6060063C2DF /* Info.plist */ = {isa = PBXFileReference; lastKnownFileType = text.plist.xml; path = Info.plist; sourceTree = "<group>"; };
		B1BAD00429F1FF470063C2DF /* CustomCollectionViewCell.swift */ = {isa = PBXFileReference; lastKnownFileType = sourcecode.swift; path = CustomCollectionViewCell.swift; sourceTree = "<group>"; };
		B1BAD00529F1FF470063C2DF /* CustomCollectionViewCell.xib */ = {isa = PBXFileReference; lastKnownFileType = file.xib; path = CustomCollectionViewCell.xib; sourceTree = "<group>"; };
/* End PBXFileReference section */

/* Begin PBXFrameworksBuildPhase section */
		B1BACFE929F1F6030063C2DF /* Frameworks */ = {
			isa = PBXFrameworksBuildPhase;
			buildActionMask = 2147483647;
			files = (
			);
			runOnlyForDeploymentPostprocessing = 0;
		};
/* End PBXFrameworksBuildPhase section */

/* Begin PBXGroup section */
		B1BACFE329F1F6030063C2DF = {
			isa = PBXGroup;
			children = (
				B1BACFEE29F1F6030063C2DF /* PrimeiroProjetoCollectionView */,
				B1BACFED29F1F6030063C2DF /* Products */,
			);
			sourceTree = "<group>";
		};
		B1BACFED29F1F6030063C2DF /* Products */ = {
			isa = PBXGroup;
			children = (
				B1BACFEC29F1F6030063C2DF /* PrimeiroProjetoCollectionView.app */,
			);
			name = Products;
			sourceTree = "<group>";
		};
		B1BACFEE29F1F6030063C2DF /* PrimeiroProjetoCollectionView */ = {
			isa = PBXGroup;
			children = (
				B1BAD00329F1FF1C0063C2DF /* Cell */,
				B1BACFEF29F1F6030063C2DF /* AppDelegate.swift */,
				B1BACFF129F1F6030063C2DF /* SceneDelegate.swift */,
				B1BACFF329F1F6030063C2DF /* ViewController.swift */,
				B1BACFF529F1F6030063C2DF /* Main.storyboard */,
				B1BACFF829F1F6060063C2DF /* Assets.xcassets */,
				B1BACFFA29F1F6060063C2DF /* LaunchScreen.storyboard */,
				B1BACFFD29F1F6060063C2DF /* Info.plist */,
			);
			path = PrimeiroProjetoCollectionView;
			sourceTree = "<group>";
		};
		B1BAD00329F1FF1C0063C2DF /* Cell */ = {
			isa = PBXGroup;
			children = (
				B1BAD00429F1FF470063C2DF /* CustomCollectionViewCell.swift */,
				B1BAD00529F1FF470063C2DF /* CustomCollectionViewCell.xib */,
			);
			path = Cell;
			sourceTree = "<group>";
		};
/* End PBXGroup section */

/* Begin PBXNativeTarget section */
		B1BACFEB29F1F6030063C2DF /* PrimeiroProjetoCollectionView */ = {
			isa = PBXNativeTarget;
			buildConfigurationList = B1BAD00029F1F6060063C2DF /* Build configuration list for PBXNativeTarget "PrimeiroProjetoCollectionView" */;
			buildPhases = (
				B1BACFE829F1F6030063C2DF /* Sources */,
				B1BACFE929F1F6030063C2DF /* Frameworks */,
				B1BACFEA29F1F6030063C2DF /* Resources */,
			);
			buildRules = (
			);
			dependencies = (
			);
			name = PrimeiroProjetoCollectionView;
			productName = PrimeiroProjetoCollectionView;
			productReference = B1BACFEC29F1F6030063C2DF /* PrimeiroProjetoCollectionView.app */;
			productType = "com.apple.product-type.application";
		};
/* End PBXNativeTarget section */

/* Begin PBXProject section */
		B1BACFE429F1F6030063C2DF /* Project object */ = {
			isa = PBXProject;
			attributes = {
				BuildIndependentTargetsInParallel = 1;
				LastSwiftUpdateCheck = 1430;
				LastUpgradeCheck = 1430;
				TargetAttributes = {
					B1BACFEB29F1F6030063C2DF = {
						CreatedOnToolsVersion = 14.3;
					};
				};
			};
			buildConfigurationList = B1BACFE729F1F6030063C2DF /* Build configuration list for PBXProject "PrimeiroProjetoCollectionView" */;
			compatibilityVersion = "Xcode 14.0";
			developmentRegion = en;
			hasScannedForEncodings = 0;
			knownRegions = (
				en,
				Base,
			);
			mainGroup = B1BACFE329F1F6030063C2DF;
			productRefGroup = B1BACFED29F1F6030063C2DF /* Products */;
			projectDirPath = "";
			projectRoot = "";
			targets = (
				B1BACFEB29F1F6030063C2DF /* PrimeiroProjetoCollectionView */,
			);
		};
/* End PBXProject section */

/* Begin PBXResourcesBuildPhase section */
		B1BACFEA29F1F6030063C2DF /* Resources */ = {
			isa = PBXResourcesBuildPhase;
			buildActionMask = 2147483647;
			files = (
				B1BACFFC29F1F6060063C2DF /* LaunchScreen.storyboard in Resources */,
				B1BACFF929F1F6060063C2DF /* Assets.xcassets in Resources */,
				B1BACFF729F1F6030063C2DF /* Main.storyboard in Resources */,
				B1BAD00729F1FF470063C2DF /* CustomCollectionViewCell.xib in Resources */,
			);
			runOnlyForDeploymentPostprocessing = 0;
		};
/* End PBXResourcesBuildPhase section */

/* Begin PBXSourcesBuildPhase section */
		B1BACFE829F1F6030063C2DF /* Sources */ = {
			isa = PBXSourcesBuildPhase;
			buildActionMask = 2147483647;
			files = (
				B1BACFF429F1F6030063C2DF /* ViewController.swift in Sources */,
				B1BACFF029F1F6030063C2DF /* AppDelegate.swift in Sources */,
				B1BACFF229F1F6030063C2DF /* SceneDelegate.swift in Sources */,
				B1BAD00629F1FF470063C2DF /* CustomCollectionViewCell.swift in Sources */,
			);
			runOnlyForDeploymentPostprocessing = 0;
		};
/* End PBXSourcesBuildPhase section */

/* Begin PBXVariantGroup section */
		B1BACFF529F1F6030063C2DF /* Main.storyboard */ = {
			isa = PBXVariantGroup;
			children = (
				B1BACFF629F1F6030063C2DF /* Base */,
			);
			name = Main.storyboard;
			sourceTree = "<group>";
		};
		B1BACFFA29F1F6060063C2DF /* LaunchScreen.storyboard */ = {
			isa = PBXVariantGroup;
			children = (
				B1BACFFB29F1F6060063C2DF /* Base */,
			);
			name = LaunchScreen.storyboard;
			sourceTree = "<group>";
		};
/* End PBXVariantGroup section */

/* Begin XCBuildConfiguration section */
		B1BACFFE29F1F6060063C2DF /* Debug */ = {
			isa = XCBuildConfiguration;
			buildSettings = {
				ALWAYS_SEARCH_USER_PATHS = NO;
				CLANG_ANALYZER_NONNULL = YES;
				CLANG_ANALYZER_NUMBER_OBJECT_CONVERSION = YES_AGGRESSIVE;
				CLANG_CXX_LANGUAGE_STANDARD = "gnu++20";
				CLANG_ENABLE_MODULES = YES;
				CLANG_ENABLE_OBJC_ARC = YES;
				CLANG_ENABLE_OBJC_WEAK = YES;
				CLANG_WARN_BLOCK_CAPTURE_AUTORELEASING = YES;
				CLANG_WARN_BOOL_CONVERSION = YES;
				CLANG_WARN_COMMA = YES;
				CLANG_WARN_CONSTANT_CONVERSION = YES;
				CLANG_WARN_DEPRECATED_OBJC_IMPLEMENTATIONS = YES;
				CLANG_WARN_DIRECT_OBJC_ISA_USAGE = YES_ERROR;
				CLANG_WARN_DOCUMENTATION_COMMENTS = YES;
				CLANG_WARN_EMPTY_BODY = YES;
				CLANG_WARN_ENUM_CONVERSION = YES;
				CLANG_WARN_INFINITE_RECURSION = YES;
				CLANG_WARN_INT_CONVERSION = YES;
				CLANG_WARN_NON_LITERAL_NULL_CONVERSION = YES;
				CLANG_WARN_OBJC_IMPLICIT_RETAIN_SELF = YES;
				CLANG_WARN_OBJC_LITERAL_CONVERSION = YES;
				CLANG_WARN_OBJC_ROOT_CLASS = YES_ERROR;
				CLANG_WARN_QUOTED_INCLUDE_IN_FRAMEWORK_HEADER = YES;
				CLANG_WARN_RANGE_LOOP_ANALYSIS = YES;
				CLANG_WARN_STRICT_PROTOTYPES = YES;
				CLANG_WARN_SUSPICIOUS_MOVE = YES;
				CLANG_WARN_UNGUARDED_AVAILABILITY = YES_AGGRESSIVE;
				CLANG_WARN_UNREACHABLE_CODE = YES;
				CLANG_WARN__DUPLICATE_METHOD_MATCH = YES;
				COPY_PHASE_STRIP = NO;
				DEBUG_INFORMATION_FORMAT = dwarf;
				ENABLE_STRICT_OBJC_MSGSEND = YES;
				ENABLE_TESTABILITY = YES;
				GCC_C_LANGUAGE_STANDARD = gnu11;
				GCC_DYNAMIC_NO_PIC = NO;
				GCC_NO_COMMON_BLOCKS = YES;
				GCC_OPTIMIZATION_LEVEL = 0;
				GCC_PREPROCESSOR_DEFINITIONS = (
					"DEBUG=1",
					"$(inherited)",
				);
				GCC_WARN_64_TO_32_BIT_CONVERSION = YES;
				GCC_WARN_ABOUT_RETURN_TYPE = YES_ERROR;
				GCC_WARN_UNDECLARED_SELECTOR = YES;
				GCC_WARN_UNINITIALIZED_AUTOS = YES_AGGRESSIVE;
				GCC_WARN_UNUSED_FUNCTION = YES;
				GCC_WARN_UNUSED_VARIABLE = YES;
				IPHONEOS_DEPLOYMENT_TARGET = 16.4;
				MTL_ENABLE_DEBUG_INFO = INCLUDE_SOURCE;
				MTL_FAST_MATH = YES;
				ONLY_ACTIVE_ARCH = YES;
				SDKROOT = iphoneos;
				SWIFT_ACTIVE_COMPILATION_CONDITIONS = DEBUG;
				SWIFT_OPTIMIZATION_LEVEL = "-Onone";
			};
			name = Debug;
		};
		B1BACFFF29F1F6060063C2DF /* Release */ = {
			isa = XCBuildConfiguration;
			buildSettings = {
				ALWAYS_SEARCH_USER_PATHS = NO;
				CLANG_ANALYZER_NONNULL = YES;
				CLANG_ANALYZER_NUMBER_OBJECT_CONVERSION = YES_AGGRESSIVE;
				CLANG_CXX_LANGUAGE_STANDARD = "gnu++20";
				CLANG_ENABLE_MODULES = YES;
				CLANG_ENABLE_OBJC_ARC = YES;
				CLANG_ENABLE_OBJC_WEAK = YES;
				CLANG_WARN_BLOCK_CAPTURE_AUTORELEASING = YES;
				CLANG_WARN_BOOL_CONVERSION = YES;
				CLANG_WARN_COMMA = YES;
				CLANG_WARN_CONSTANT_CONVERSION = YES;
				CLANG_WARN_DEPRECATED_OBJC_IMPLEMENTATIONS = YES;
				CLANG_WARN_DIRECT_OBJC_ISA_USAGE = YES_ERROR;
				CLANG_WARN_DOCUMENTATION_COMMENTS = YES;
				CLANG_WARN_EMPTY_BODY = YES;
				CLANG_WARN_ENUM_CONVERSION = YES;
				CLANG_WARN_INFINITE_RECURSION = YES;
				CLANG_WARN_INT_CONVERSION = YES;
				CLANG_WARN_NON_LITERAL_NULL_CONVERSION = YES;
				CLANG_WARN_OBJC_IMPLICIT_RETAIN_SELF = YES;
				CLANG_WARN_OBJC_LITERAL_CONVERSION = YES;
				CLANG_WARN_OBJC_ROOT_CLASS = YES_ERROR;
				CLANG_WARN_QUOTED_INCLUDE_IN_FRAMEWORK_HEADER = YES;
				CLANG_WARN_RANGE_LOOP_ANALYSIS = YES;
				CLANG_WARN_STRICT_PROTOTYPES = YES;
				CLANG_WARN_SUSPICIOUS_MOVE = YES;
				CLANG_WARN_UNGUARDED_AVAILABILITY = YES_AGGRESSIVE;
				CLANG_WARN_UNREACHABLE_CODE = YES;
				CLANG_WARN__DUPLICATE_METHOD_MATCH = YES;
				COPY_PHASE_STRIP = NO;
				DEBUG_INFORMATION_FORMAT = "dwarf-with-dsym";
				ENABLE_NS_ASSERTIONS = NO;
				ENABLE_STRICT_OBJC_MSGSEND = YES;
				GCC_C_LANGUAGE_STANDARD = gnu11;
				GCC_NO_COMMON_BLOCKS = YES;
				GCC_WARN_64_TO_32_BIT_CONVERSION = YES;
				GCC_WARN_ABOUT_RETURN_TYPE = YES_ERROR;
				GCC_WARN_UNDECLARED_SELECTOR = YES;
				GCC_WARN_UNINITIALIZED_AUTOS = YES_AGGRESSIVE;
				GCC_WARN_UNUSED_FUNCTION = YES;
				GCC_WARN_UNUSED_VARIABLE = YES;
				IPHONEOS_DEPLOYMENT_TARGET = 16.4;
				MTL_ENABLE_DEBUG_INFO = NO;
				MTL_FAST_MATH = YES;
				SDKROOT = iphoneos;
				SWIFT_COMPILATION_MODE = wholemodule;
				SWIFT_OPTIMIZATION_LEVEL = "-O";
				VALIDATE_PRODUCT = YES;
			};
			name = Release;
		};
		B1BAD00129F1F6060063C2DF /* Debug */ = {
			isa = XCBuildConfiguration;
			buildSettings = {
				ASSETCATALOG_COMPILER_APPICON_NAME = AppIcon;
				ASSETCATALOG_COMPILER_GLOBAL_ACCENT_COLOR_NAME = AccentColor;
				CODE_SIGN_STYLE = Automatic;
				CURRENT_PROJECT_VERSION = 1;
				DEVELOPMENT_TEAM = ZJ6WN3W475;
				GENERATE_INFOPLIST_FILE = YES;
				INFOPLIST_FILE = PrimeiroProjetoCollectionView/Info.plist;
				INFOPLIST_KEY_UIApplicationSupportsIndirectInputEvents = YES;
				INFOPLIST_KEY_UILaunchStoryboardName = LaunchScreen;
				INFOPLIST_KEY_UIMainStoryboardFile = Main;
				INFOPLIST_KEY_UISupportedInterfaceOrientations_iPad = "UIInterfaceOrientationPortrait UIInterfaceOrientationPortraitUpsideDown UIInterfaceOrientationLandscapeLeft UIInterfaceOrientationLandscapeRight";
				INFOPLIST_KEY_UISupportedInterfaceOrientations_iPhone = "UIInterfaceOrientationPortrait UIInterfaceOrientationLandscapeLeft UIInterfaceOrientationLandscapeRight";
				LD_RUNPATH_SEARCH_PATHS = (
					"$(inherited)",
					"@executable_path/Frameworks",
				);
				MARKETING_VERSION = 1.0;
				PRODUCT_BUNDLE_IDENTIFIER = "Leo-Lacerda.PrimeiroProjetoCollectionView";
				PRODUCT_NAME = "$(TARGET_NAME)";
				SWIFT_EMIT_LOC_STRINGS = YES;
				SWIFT_VERSION = 5.0;
				TARGETED_DEVICE_FAMILY = "1,2";
			};
			name = Debug;
		};
		B1BAD00229F1F6060063C2DF /* Release */ = {
			isa = XCBuildConfiguration;
			buildSettings = {
				ASSETCATALOG_COMPILER_APPICON_NAME = AppIcon;
				ASSETCATALOG_COMPILER_GLOBAL_ACCENT_COLOR_NAME = AccentColor;
				CODE_SIGN_STYLE = Automatic;
				CURRENT_PROJECT_VERSION = 1;
				DEVELOPMENT_TEAM = ZJ6WN3W475;
				GENERATE_INFOPLIST_FILE = YES;
				INFOPLIST_FILE = PrimeiroProjetoCollectionView/Info.plist;
				INFOPLIST_KEY_UIApplicationSupportsIndirectInputEvents = YES;
				INFOPLIST_KEY_UILaunchStoryboardName = LaunchScreen;
				INFOPLIST_KEY_UIMainStoryboardFile = Main;
				INFOPLIST_KEY_UISupportedInterfaceOrientations_iPad = "UIInterfaceOrientationPortrait UIInterfaceOrientationPortraitUpsideDown UIInterfaceOrientationLandscapeLeft UIInterfaceOrientationLandscapeRight";
				INFOPLIST_KEY_UISupportedInterfaceOrientations_iPhone = "UIInterfaceOrientationPortrait UIInterfaceOrientationLandscapeLeft UIInterfaceOrientationLandscapeRight";
				LD_RUNPATH_SEARCH_PATHS = (
					"$(inherited)",
					"@executable_path/Frameworks",
				);
				MARKETING_VERSION = 1.0;
				PRODUCT_BUNDLE_IDENTIFIER = "Leo-Lacerda.PrimeiroProjetoCollectionView";
				PRODUCT_NAME = "$(TARGET_NAME)";
				SWIFT_EMIT_LOC_STRINGS = YES;
				SWIFT_VERSION = 5.0;
				TARGETED_DEVICE_FAMILY = "1,2";
			};
			name = Release;
		};
/* End XCBuildConfiguration section */

/* Begin XCConfigurationList section */
		B1BACFE729F1F6030063C2DF /* Build configuration list for PBXProject "PrimeiroProjetoCollectionView" */ = {
			isa = XCConfigurationList;
			buildConfigurations = (
				B1BACFFE29F1F6060063C2DF /* Debug */,
				B1BACFFF29F1F6060063C2DF /* Release */,
			);
			defaultConfigurationIsVisible = 0;
			defaultConfigurationName = Release;
		};
		B1BAD00029F1F6060063C2DF /* Build configuration list for PBXNativeTarget "PrimeiroProjetoCollectionView" */ = {
			isa = XCConfigurationList;
			buildConfigurations = (
				B1BAD00129F1F6060063C2DF /* Debug */,
				B1BAD00229F1F6060063C2DF /* Release */,
			);
			defaultConfigurationIsVisible = 0;
			defaultConfigurationName = Release;
		};
/* End XCConfigurationList section */
	};
	rootObject = B1BACFE429F1F6030063C2DF /* Project object */;
}
