// !$*UTF8*$!
{
	archiveVersion = 1;
	classes = {
	};
	objectVersion = 56;
	objects = {

/* Begin PBXBuildFile section */
		B110924229F8CADA00DE0069 /* TabBarController.swift in Sources */ = {isa = PBXBuildFile; fileRef = B110924129F8CADA00DE0069 /* TabBarController.swift */; };
		B110924429F8CB0E00DE0069 /* Tela02ViewController.swift in Sources */ = {isa = PBXBuildFile; fileRef = B110924329F8CB0E00DE0069 /* Tela02ViewController.swift */; };
		B110924629F8CB2E00DE0069 /* Tela03ViewController.swift in Sources */ = {isa = PBXBuildFile; fileRef = B110924529F8CB2E00DE0069 /* Tela03ViewController.swift */; };
		B13CFC4A29F9522000E419E9 /* Profile.swift in Sources */ = {isa = PBXBuildFile; fileRef = B13CFC4929F9522000E419E9 /* Profile.swift */; };
		B13CFC5029F955BC00E419E9 /* TableViewCell.swift in Sources */ = {isa = PBXBuildFile; fileRef = B13CFC4E29F955BC00E419E9 /* TableViewCell.swift */; };
		B13CFC5129F955BC00E419E9 /* TableViewCell.xib in Resources */ = {isa = PBXBuildFile; fileRef = B13CFC4F29F955BC00E419E9 /* TableViewCell.xib */; };
		B13CFC5829F958D900E419E9 /* ViewModel.swift in Sources */ = {isa = PBXBuildFile; fileRef = B13CFC5729F958D900E419E9 /* ViewModel.swift */; };
		B169E73C29F8AF9A002D80EB /* AppDelegate.swift in Sources */ = {isa = PBXBuildFile; fileRef = B169E73B29F8AF9A002D80EB /* AppDelegate.swift */; };
		B169E73E29F8AF9A002D80EB /* SceneDelegate.swift in Sources */ = {isa = PBXBuildFile; fileRef = B169E73D29F8AF9A002D80EB /* SceneDelegate.swift */; };
		B169E74029F8AF9A002D80EB /* TesteCaioViewController.swift in Sources */ = {isa = PBXBuildFile; fileRef = B169E73F29F8AF9A002D80EB /* TesteCaioViewController.swift */; };
		B169E74329F8AF9A002D80EB /* Main.storyboard in Resources */ = {isa = PBXBuildFile; fileRef = B169E74129F8AF9A002D80EB /* Main.storyboard */; };
		B169E74529F8AFA0002D80EB /* Assets.xcassets in Resources */ = {isa = PBXBuildFile; fileRef = B169E74429F8AFA0002D80EB /* Assets.xcassets */; };
		B169E74829F8AFA0002D80EB /* LaunchScreen.storyboard in Resources */ = {isa = PBXBuildFile; fileRef = B169E74629F8AFA0002D80EB /* LaunchScreen.storyboard */; };
/* End PBXBuildFile section */

/* Begin PBXFileReference section */
		B110924129F8CADA00DE0069 /* TabBarController.swift */ = {isa = PBXFileReference; lastKnownFileType = sourcecode.swift; path = TabBarController.swift; sourceTree = "<group>"; };
		B110924329F8CB0E00DE0069 /* Tela02ViewController.swift */ = {isa = PBXFileReference; lastKnownFileType = sourcecode.swift; path = Tela02ViewController.swift; sourceTree = "<group>"; };
		B110924529F8CB2E00DE0069 /* Tela03ViewController.swift */ = {isa = PBXFileReference; lastKnownFileType = sourcecode.swift; path = Tela03ViewController.swift; sourceTree = "<group>"; };
		B13CFC4929F9522000E419E9 /* Profile.swift */ = {isa = PBXFileReference; lastKnownFileType = sourcecode.swift; path = Profile.swift; sourceTree = "<group>"; };
		B13CFC4E29F955BC00E419E9 /* TableViewCell.swift */ = {isa = PBXFileReference; lastKnownFileType = sourcecode.swift; path = TableViewCell.swift; sourceTree = "<group>"; };
		B13CFC4F29F955BC00E419E9 /* TableViewCell.xib */ = {isa = PBXFileReference; lastKnownFileType = file.xib; path = TableViewCell.xib; sourceTree = "<group>"; };
		B13CFC5729F958D900E419E9 /* ViewModel.swift */ = {isa = PBXFileReference; lastKnownFileType = sourcecode.swift; path = ViewModel.swift; sourceTree = "<group>"; };
		B169E73829F8AF9A002D80EB /* DesafioTabBar.app */ = {isa = PBXFileReference; explicitFileType = wrapper.application; includeInIndex = 0; path = DesafioTabBar.app; sourceTree = BUILT_PRODUCTS_DIR; };
		B169E73B29F8AF9A002D80EB /* AppDelegate.swift */ = {isa = PBXFileReference; lastKnownFileType = sourcecode.swift; path = AppDelegate.swift; sourceTree = "<group>"; };
		B169E73D29F8AF9A002D80EB /* SceneDelegate.swift */ = {isa = PBXFileReference; lastKnownFileType = sourcecode.swift; path = SceneDelegate.swift; sourceTree = "<group>"; };
		B169E73F29F8AF9A002D80EB /* TesteCaioViewController.swift */ = {isa = PBXFileReference; lastKnownFileType = sourcecode.swift; path = TesteCaioViewController.swift; sourceTree = "<group>"; };
		B169E74229F8AF9A002D80EB /* Base */ = {isa = PBXFileReference; lastKnownFileType = file.storyboard; name = Base; path = Base.lproj/Main.storyboard; sourceTree = "<group>"; };
		B169E74429F8AFA0002D80EB /* Assets.xcassets */ = {isa = PBXFileReference; lastKnownFileType = folder.assetcatalog; path = Assets.xcassets; sourceTree = "<group>"; };
		B169E74729F8AFA0002D80EB /* Base */ = {isa = PBXFileReference; lastKnownFileType = file.storyboard; name = Base; path = Base.lproj/LaunchScreen.storyboard; sourceTree = "<group>"; };
		B169E74929F8AFA0002D80EB /* Info.plist */ = {isa = PBXFileReference; lastKnownFileType = text.plist.xml; path = Info.plist; sourceTree = "<group>"; };
/* End PBXFileReference section */

/* Begin PBXFrameworksBuildPhase section */
		B169E73529F8AF9A002D80EB /* Frameworks */ = {
			isa = PBXFrameworksBuildPhase;
			buildActionMask = 2147483647;
			files = (
			);
			runOnlyForDeploymentPostprocessing = 0;
		};
/* End PBXFrameworksBuildPhase section */

/* Begin PBXGroup section */
		B13CFC4829F9520900E419E9 /* Model */ = {
			isa = PBXGroup;
			children = (
				B13CFC4929F9522000E419E9 /* Profile.swift */,
			);
			path = Model;
			sourceTree = "<group>";
		};
		B13CFC4B29F9559500E419E9 /* Cell */ = {
			isa = PBXGroup;
			children = (
				B13CFC4E29F955BC00E419E9 /* TableViewCell.swift */,
				B13CFC4F29F955BC00E419E9 /* TableViewCell.xib */,
			);
			path = Cell;
			sourceTree = "<group>";
		};
		B13CFC5229F9574200E419E9 /* View Model */ = {
			isa = PBXGroup;
			children = (
				B13CFC5729F958D900E419E9 /* ViewModel.swift */,
			);
			path = "View Model";
			sourceTree = "<group>";
		};
		B169E72F29F8AF9A002D80EB = {
			isa = PBXGroup;
			children = (
				B169E73A29F8AF9A002D80EB /* DesafioTabBar */,
				B169E73929F8AF9A002D80EB /* Products */,
			);
			sourceTree = "<group>";
		};
		B169E73929F8AF9A002D80EB /* Products */ = {
			isa = PBXGroup;
			children = (
				B169E73829F8AF9A002D80EB /* DesafioTabBar.app */,
			);
			name = Products;
			sourceTree = "<group>";
		};
		B169E73A29F8AF9A002D80EB /* DesafioTabBar */ = {
			isa = PBXGroup;
			children = (
				B13CFC4829F9520900E419E9 /* Model */,
				B13CFC4B29F9559500E419E9 /* Cell */,
				B13CFC5229F9574200E419E9 /* View Model */,
				B169E73F29F8AF9A002D80EB /* TesteCaioViewController.swift */,
				B110924329F8CB0E00DE0069 /* Tela02ViewController.swift */,
				B110924529F8CB2E00DE0069 /* Tela03ViewController.swift */,
				B110924129F8CADA00DE0069 /* TabBarController.swift */,
				B169E74129F8AF9A002D80EB /* Main.storyboard */,
				B169E74429F8AFA0002D80EB /* Assets.xcassets */,
				B169E73B29F8AF9A002D80EB /* AppDelegate.swift */,
				B169E73D29F8AF9A002D80EB /* SceneDelegate.swift */,
				B169E74629F8AFA0002D80EB /* LaunchScreen.storyboard */,
				B169E74929F8AFA0002D80EB /* Info.plist */,
			);
			path = DesafioTabBar;
			sourceTree = "<group>";
		};
/* End PBXGroup section */

/* Begin PBXNativeTarget section */
		B169E73729F8AF9A002D80EB /* DesafioTabBar */ = {
			isa = PBXNativeTarget;
			buildConfigurationList = B169E74C29F8AFA0002D80EB /* Build configuration list for PBXNativeTarget "DesafioTabBar" */;
			buildPhases = (
				B169E73429F8AF9A002D80EB /* Sources */,
				B169E73529F8AF9A002D80EB /* Frameworks */,
				B169E73629F8AF9A002D80EB /* Resources */,
			);
			buildRules = (
			);
			dependencies = (
			);
			name = DesafioTabBar;
			productName = DesafioTabBar;
			productReference = B169E73829F8AF9A002D80EB /* DesafioTabBar.app */;
			productType = "com.apple.product-type.application";
		};
/* End PBXNativeTarget section */

/* Begin PBXProject section */
		B169E73029F8AF9A002D80EB /* Project object */ = {
			isa = PBXProject;
			attributes = {
				BuildIndependentTargetsInParallel = 1;
				LastSwiftUpdateCheck = 1430;
				LastUpgradeCheck = 1430;
				TargetAttributes = {
					B169E73729F8AF9A002D80EB = {
						CreatedOnToolsVersion = 14.3;
					};
				};
			};
			buildConfigurationList = B169E73329F8AF9A002D80EB /* Build configuration list for PBXProject "DesafioTabBar" */;
			compatibilityVersion = "Xcode 14.0";
			developmentRegion = en;
			hasScannedForEncodings = 0;
			knownRegions = (
				en,
				Base,
			);
			mainGroup = B169E72F29F8AF9A002D80EB;
			productRefGroup = B169E73929F8AF9A002D80EB /* Products */;
			projectDirPath = "";
			projectRoot = "";
			targets = (
				B169E73729F8AF9A002D80EB /* DesafioTabBar */,
			);
		};
/* End PBXProject section */

/* Begin PBXResourcesBuildPhase section */
		B169E73629F8AF9A002D80EB /* Resources */ = {
			isa = PBXResourcesBuildPhase;
			buildActionMask = 2147483647;
			files = (
				B169E74829F8AFA0002D80EB /* LaunchScreen.storyboard in Resources */,
				B13CFC5129F955BC00E419E9 /* TableViewCell.xib in Resources */,
				B169E74529F8AFA0002D80EB /* Assets.xcassets in Resources */,
				B169E74329F8AF9A002D80EB /* Main.storyboard in Resources */,
			);
			runOnlyForDeploymentPostprocessing = 0;
		};
/* End PBXResourcesBuildPhase section */

/* Begin PBXSourcesBuildPhase section */
		B169E73429F8AF9A002D80EB /* Sources */ = {
			isa = PBXSourcesBuildPhase;
			buildActionMask = 2147483647;
			files = (
				B169E74029F8AF9A002D80EB /* TesteCaioViewController.swift in Sources */,
				B13CFC5829F958D900E419E9 /* ViewModel.swift in Sources */,
				B13CFC5029F955BC00E419E9 /* TableViewCell.swift in Sources */,
				B110924229F8CADA00DE0069 /* TabBarController.swift in Sources */,
				B169E73C29F8AF9A002D80EB /* AppDelegate.swift in Sources */,
				B13CFC4A29F9522000E419E9 /* Profile.swift in Sources */,
				B110924629F8CB2E00DE0069 /* Tela03ViewController.swift in Sources */,
				B169E73E29F8AF9A002D80EB /* SceneDelegate.swift in Sources */,
				B110924429F8CB0E00DE0069 /* Tela02ViewController.swift in Sources */,
			);
			runOnlyForDeploymentPostprocessing = 0;
		};
/* End PBXSourcesBuildPhase section */

/* Begin PBXVariantGroup section */
		B169E74129F8AF9A002D80EB /* Main.storyboard */ = {
			isa = PBXVariantGroup;
			children = (
				B169E74229F8AF9A002D80EB /* Base */,
			);
			name = Main.storyboard;
			sourceTree = "<group>";
		};
		B169E74629F8AFA0002D80EB /* LaunchScreen.storyboard */ = {
			isa = PBXVariantGroup;
			children = (
				B169E74729F8AFA0002D80EB /* Base */,
			);
			name = LaunchScreen.storyboard;
			sourceTree = "<group>";
		};
/* End PBXVariantGroup section */

/* Begin XCBuildConfiguration section */
		B169E74A29F8AFA0002D80EB /* Debug */ = {
			isa = XCBuildConfiguration;
			buildSettings = {
				ALWAYS_SEARCH_USER_PATHS = NO;
				CLANG_ANALYZER_NONNULL = YES;
				CLANG_ANALYZER_NUMBER_OBJECT_CONVERSION = YES_AGGRESSIVE;
				CLANG_CXX_LANGUAGE_STANDARD = "gnu++20";
				CLANG_ENABLE_MODULES = YES;
				CLANG_ENABLE_OBJC_ARC = YES;
				CLANG_ENABLE_OBJC_WEAK = YES;
				CLANG_WARN_BLOCK_CAPTURE_AUTORELEASING = YES;
				CLANG_WARN_BOOL_CONVERSION = YES;
				CLANG_WARN_COMMA = YES;
				CLANG_WARN_CONSTANT_CONVERSION = YES;
				CLANG_WARN_DEPRECATED_OBJC_IMPLEMENTATIONS = YES;
				CLANG_WARN_DIRECT_OBJC_ISA_USAGE = YES_ERROR;
				CLANG_WARN_DOCUMENTATION_COMMENTS = YES;
				CLANG_WARN_EMPTY_BODY = YES;
				CLANG_WARN_ENUM_CONVERSION = YES;
				CLANG_WARN_INFINITE_RECURSION = YES;
				CLANG_WARN_INT_CONVERSION = YES;
				CLANG_WARN_NON_LITERAL_NULL_CONVERSION = YES;
				CLANG_WARN_OBJC_IMPLICIT_RETAIN_SELF = YES;
				CLANG_WARN_OBJC_LITERAL_CONVERSION = YES;
				CLANG_WARN_OBJC_ROOT_CLASS = YES_ERROR;
				CLANG_WARN_QUOTED_INCLUDE_IN_FRAMEWORK_HEADER = YES;
				CLANG_WARN_RANGE_LOOP_ANALYSIS = YES;
				CLANG_WARN_STRICT_PROTOTYPES = YES;
				CLANG_WARN_SUSPICIOUS_MOVE = YES;
				CLANG_WARN_UNGUARDED_AVAILABILITY = YES_AGGRESSIVE;
				CLANG_WARN_UNREACHABLE_CODE = YES;
				CLANG_WARN__DUPLICATE_METHOD_MATCH = YES;
				COPY_PHASE_STRIP = NO;
				DEBUG_INFORMATION_FORMAT = dwarf;
				ENABLE_STRICT_OBJC_MSGSEND = YES;
				ENABLE_TESTABILITY = YES;
				GCC_C_LANGUAGE_STANDARD = gnu11;
				GCC_DYNAMIC_NO_PIC = NO;
				GCC_NO_COMMON_BLOCKS = YES;
				GCC_OPTIMIZATION_LEVEL = 0;
				GCC_PREPROCESSOR_DEFINITIONS = (
					"DEBUG=1",
					"$(inherited)",
				);
				GCC_WARN_64_TO_32_BIT_CONVERSION = YES;
				GCC_WARN_ABOUT_RETURN_TYPE = YES_ERROR;
				GCC_WARN_UNDECLARED_SELECTOR = YES;
				GCC_WARN_UNINITIALIZED_AUTOS = YES_AGGRESSIVE;
				GCC_WARN_UNUSED_FUNCTION = YES;
				GCC_WARN_UNUSED_VARIABLE = YES;
				IPHONEOS_DEPLOYMENT_TARGET = 16.4;
				MTL_ENABLE_DEBUG_INFO = INCLUDE_SOURCE;
				MTL_FAST_MATH = YES;
				ONLY_ACTIVE_ARCH = YES;
				SDKROOT = iphoneos;
				SWIFT_ACTIVE_COMPILATION_CONDITIONS = DEBUG;
				SWIFT_OPTIMIZATION_LEVEL = "-Onone";
			};
			name = Debug;
		};
		B169E74B29F8AFA0002D80EB /* Release */ = {
			isa = XCBuildConfiguration;
			buildSettings = {
				ALWAYS_SEARCH_USER_PATHS = NO;
				CLANG_ANALYZER_NONNULL = YES;
				CLANG_ANALYZER_NUMBER_OBJECT_CONVERSION = YES_AGGRESSIVE;
				CLANG_CXX_LANGUAGE_STANDARD = "gnu++20";
				CLANG_ENABLE_MODULES = YES;
				CLANG_ENABLE_OBJC_ARC = YES;
				CLANG_ENABLE_OBJC_WEAK = YES;
				CLANG_WARN_BLOCK_CAPTURE_AUTORELEASING = YES;
				CLANG_WARN_BOOL_CONVERSION = YES;
				CLANG_WARN_COMMA = YES;
				CLANG_WARN_CONSTANT_CONVERSION = YES;
				CLANG_WARN_DEPRECATED_OBJC_IMPLEMENTATIONS = YES;
				CLANG_WARN_DIRECT_OBJC_ISA_USAGE = YES_ERROR;
				CLANG_WARN_DOCUMENTATION_COMMENTS = YES;
				CLANG_WARN_EMPTY_BODY = YES;
				CLANG_WARN_ENUM_CONVERSION = YES;
				CLANG_WARN_INFINITE_RECURSION = YES;
				CLANG_WARN_INT_CONVERSION = YES;
				CLANG_WARN_NON_LITERAL_NULL_CONVERSION = YES;
				CLANG_WARN_OBJC_IMPLICIT_RETAIN_SELF = YES;
				CLANG_WARN_OBJC_LITERAL_CONVERSION = YES;
				CLANG_WARN_OBJC_ROOT_CLASS = YES_ERROR;
				CLANG_WARN_QUOTED_INCLUDE_IN_FRAMEWORK_HEADER = YES;
				CLANG_WARN_RANGE_LOOP_ANALYSIS = YES;
				CLANG_WARN_STRICT_PROTOTYPES = YES;
				CLANG_WARN_SUSPICIOUS_MOVE = YES;
				CLANG_WARN_UNGUARDED_AVAILABILITY = YES_AGGRESSIVE;
				CLANG_WARN_UNREACHABLE_CODE = YES;
				CLANG_WARN__DUPLICATE_METHOD_MATCH = YES;
				COPY_PHASE_STRIP = NO;
				DEBUG_INFORMATION_FORMAT = "dwarf-with-dsym";
				ENABLE_NS_ASSERTIONS = NO;
				ENABLE_STRICT_OBJC_MSGSEND = YES;
				GCC_C_LANGUAGE_STANDARD = gnu11;
				GCC_NO_COMMON_BLOCKS = YES;
				GCC_WARN_64_TO_32_BIT_CONVERSION = YES;
				GCC_WARN_ABOUT_RETURN_TYPE = YES_ERROR;
				GCC_WARN_UNDECLARED_SELECTOR = YES;
				GCC_WARN_UNINITIALIZED_AUTOS = YES_AGGRESSIVE;
				GCC_WARN_UNUSED_FUNCTION = YES;
				GCC_WARN_UNUSED_VARIABLE = YES;
				IPHONEOS_DEPLOYMENT_TARGET = 16.4;
				MTL_ENABLE_DEBUG_INFO = NO;
				MTL_FAST_MATH = YES;
				SDKROOT = iphoneos;
				SWIFT_COMPILATION_MODE = wholemodule;
				SWIFT_OPTIMIZATION_LEVEL = "-O";
				VALIDATE_PRODUCT = YES;
			};
			name = Release;
		};
		B169E74D29F8AFA0002D80EB /* Debug */ = {
			isa = XCBuildConfiguration;
			buildSettings = {
				ASSETCATALOG_COMPILER_APPICON_NAME = AppIcon;
				ASSETCATALOG_COMPILER_GLOBAL_ACCENT_COLOR_NAME = AccentColor;
				CODE_SIGN_STYLE = Automatic;
				CURRENT_PROJECT_VERSION = 1;
				DEVELOPMENT_TEAM = ZJ6WN3W475;
				GENERATE_INFOPLIST_FILE = YES;
				INFOPLIST_FILE = DesafioTabBar/Info.plist;
				INFOPLIST_KEY_UIApplicationSupportsIndirectInputEvents = YES;
				INFOPLIST_KEY_UILaunchStoryboardName = LaunchScreen;
				INFOPLIST_KEY_UIMainStoryboardFile = Main;
				INFOPLIST_KEY_UISupportedInterfaceOrientations_iPad = "UIInterfaceOrientationPortrait UIInterfaceOrientationPortraitUpsideDown UIInterfaceOrientationLandscapeLeft UIInterfaceOrientationLandscapeRight";
				INFOPLIST_KEY_UISupportedInterfaceOrientations_iPhone = "UIInterfaceOrientationPortrait UIInterfaceOrientationLandscapeLeft UIInterfaceOrientationLandscapeRight";
				LD_RUNPATH_SEARCH_PATHS = (
					"$(inherited)",
					"@executable_path/Frameworks",
				);
				MARKETING_VERSION = 1.0;
				PRODUCT_BUNDLE_IDENTIFIER = "Leo-Lacerda.DesafioTabBar";
				PRODUCT_NAME = "$(TARGET_NAME)";
				SWIFT_EMIT_LOC_STRINGS = YES;
				SWIFT_VERSION = 5.0;
				TARGETED_DEVICE_FAMILY = "1,2";
			};
			name = Debug;
		};
		B169E74E29F8AFA0002D80EB /* Release */ = {
			isa = XCBuildConfiguration;
			buildSettings = {
				ASSETCATALOG_COMPILER_APPICON_NAME = AppIcon;
				ASSETCATALOG_COMPILER_GLOBAL_ACCENT_COLOR_NAME = AccentColor;
				CODE_SIGN_STYLE = Automatic;
				CURRENT_PROJECT_VERSION = 1;
				DEVELOPMENT_TEAM = ZJ6WN3W475;
				GENERATE_INFOPLIST_FILE = YES;
				INFOPLIST_FILE = DesafioTabBar/Info.plist;
				INFOPLIST_KEY_UIApplicationSupportsIndirectInputEvents = YES;
				INFOPLIST_KEY_UILaunchStoryboardName = LaunchScreen;
				INFOPLIST_KEY_UIMainStoryboardFile = Main;
				INFOPLIST_KEY_UISupportedInterfaceOrientations_iPad = "UIInterfaceOrientationPortrait UIInterfaceOrientationPortraitUpsideDown UIInterfaceOrientationLandscapeLeft UIInterfaceOrientationLandscapeRight";
				INFOPLIST_KEY_UISupportedInterfaceOrientations_iPhone = "UIInterfaceOrientationPortrait UIInterfaceOrientationLandscapeLeft UIInterfaceOrientationLandscapeRight";
				LD_RUNPATH_SEARCH_PATHS = (
					"$(inherited)",
					"@executable_path/Frameworks",
				);
				MARKETING_VERSION = 1.0;
				PRODUCT_BUNDLE_IDENTIFIER = "Leo-Lacerda.DesafioTabBar";
				PRODUCT_NAME = "$(TARGET_NAME)";
				SWIFT_EMIT_LOC_STRINGS = YES;
				SWIFT_VERSION = 5.0;
				TARGETED_DEVICE_FAMILY = "1,2";
			};
			name = Release;
		};
/* End XCBuildConfiguration section */

/* Begin XCConfigurationList section */
		B169E73329F8AF9A002D80EB /* Build configuration list for PBXProject "DesafioTabBar" */ = {
			isa = XCConfigurationList;
			buildConfigurations = (
				B169E74A29F8AFA0002D80EB /* Debug */,
				B169E74B29F8AFA0002D80EB /* Release */,
			);
			defaultConfigurationIsVisible = 0;
			defaultConfigurationName = Release;
		};
		B169E74C29F8AFA0002D80EB /* Build configuration list for PBXNativeTarget "DesafioTabBar" */ = {
			isa = XCConfigurationList;
			buildConfigurations = (
				B169E74D29F8AFA0002D80EB /* Debug */,
				B169E74E29F8AFA0002D80EB /* Release */,
			);
			defaultConfigurationIsVisible = 0;
			defaultConfigurationName = Release;
		};
/* End XCConfigurationList section */
	};
	rootObject = B169E73029F8AF9A002D80EB /* Project object */;
}
